// !$*UTF8*$!
{
	archiveVersion = 1;
	classes = {
	};
	objectVersion = 46;
	objects = {

/* Begin PBXBuildFile section */
		00C302E51ABCBA2D00DB3ED1 /* libRCTActionSheet.a in Frameworks */ = {isa = PBXBuildFile; fileRef = 00C302AC1ABCB8CE00DB3ED1 /* libRCTActionSheet.a */; };
		00C302E71ABCBA2D00DB3ED1 /* libRCTGeolocation.a in Frameworks */ = {isa = PBXBuildFile; fileRef = 00C302BA1ABCB90400DB3ED1 /* libRCTGeolocation.a */; };
		00C302E81ABCBA2D00DB3ED1 /* libRCTImage.a in Frameworks */ = {isa = PBXBuildFile; fileRef = 00C302C01ABCB91800DB3ED1 /* libRCTImage.a */; };
		00C302E91ABCBA2D00DB3ED1 /* libRCTNetwork.a in Frameworks */ = {isa = PBXBuildFile; fileRef = 00C302DC1ABCB9D200DB3ED1 /* libRCTNetwork.a */; };
		00C302EA1ABCBA2D00DB3ED1 /* libRCTVibration.a in Frameworks */ = {isa = PBXBuildFile; fileRef = 00C302E41ABCB9EE00DB3ED1 /* libRCTVibration.a */; };
		0473C6F7836548BB907CC11A /* Entypo.ttf in Resources */ = {isa = PBXBuildFile; fileRef = B7F2B4FA9B85418B8E8829D0 /* Entypo.ttf */; };
		10921D5AC2C4492AB69453A8 /* MaterialCommunityIcons.ttf in Resources */ = {isa = PBXBuildFile; fileRef = 664F9081CC4447D2B5BF628F /* MaterialCommunityIcons.ttf */; };
		133E29F31AD74F7200F7D852 /* libRCTLinking.a in Frameworks */ = {isa = PBXBuildFile; fileRef = 78C398B91ACF4ADC00677621 /* libRCTLinking.a */; };
		139105C61AF99C1200B5F7CC /* libRCTSettings.a in Frameworks */ = {isa = PBXBuildFile; fileRef = 139105C11AF99BAD00B5F7CC /* libRCTSettings.a */; };
		139FDEF61B0652A700C62182 /* libRCTWebSocket.a in Frameworks */ = {isa = PBXBuildFile; fileRef = 139FDEF41B06529B00C62182 /* libRCTWebSocket.a */; };
		146834051AC3E58100842450 /* libReact.a in Frameworks */ = {isa = PBXBuildFile; fileRef = 146834041AC3E56700842450 /* libReact.a */; };
		1C28D4742BBF86840BC11D05 /* libPods-Deskero.a in Frameworks */ = {isa = PBXBuildFile; fileRef = A5ACB973E7B9F1BD5A72E908 /* libPods-Deskero.a */; };
		255465F7C91742B287600164 /* Ionicons.ttf in Resources */ = {isa = PBXBuildFile; fileRef = E96964355B9940DAAD1E6CFB /* Ionicons.ttf */; };
		2647D65F1DB175C200B23722 /* libReactNativeNavigation.a in Frameworks */ = {isa = PBXBuildFile; fileRef = 2647D65E1DB175B300B23722 /* libReactNativeNavigation.a */; };
		294694A2DB45457698E9B07C /* Foundation.ttf in Resources */ = {isa = PBXBuildFile; fileRef = 7A667CB399454676A97C24D0 /* Foundation.ttf */; };
		313A148E239A43B1A42B69B7 /* Roboto_medium.ttf in Resources */ = {isa = PBXBuildFile; fileRef = A90804061DA54258AA43E1EA /* Roboto_medium.ttf */; };
		33900F2D8855422BBFB189B3 /* Entypo.ttf in Resources */ = {isa = PBXBuildFile; fileRef = DCF1CD4D893E44CBAD5A6A28 /* Entypo.ttf */; };
		3BEAE2DDFA3B41EB96E90320 /* FontAwesome.ttf in Resources */ = {isa = PBXBuildFile; fileRef = 586A745FCED44829B8F711F8 /* FontAwesome.ttf */; };
		415C1A2784414DF18ECC303A /* Roboto.ttf in Resources */ = {isa = PBXBuildFile; fileRef = 7F79E109898B4A1490586D5F /* Roboto.ttf */; };
		5CF513AB5D45431290DCFDDA /* EvilIcons.ttf in Resources */ = {isa = PBXBuildFile; fileRef = 26C4344EFDE94AB08A901A46 /* EvilIcons.ttf */; };
		79F247AB07DD4D62B31E8D71 /* SimpleLineIcons.ttf in Resources */ = {isa = PBXBuildFile; fileRef = 239CB5FCC9C941518282C344 /* SimpleLineIcons.ttf */; };
		7B9B39861DEB4091004A6281 /* libRCTAnimation.a in Frameworks */ = {isa = PBXBuildFile; fileRef = 7B9B39631DEB4076004A6281 /* libRCTAnimation.a */; };
		7DDCFA9D5AC845F4A7E29A5C /* rubicon-icon-font.ttf in Resources */ = {isa = PBXBuildFile; fileRef = 7FF4F70FC0434803A3F5ED85 /* rubicon-icon-font.ttf */; };
		832341BD1AAA6AB300B99B32 /* libRCTText.a in Frameworks */ = {isa = PBXBuildFile; fileRef = 832341B51AAA6A8300B99B32 /* libRCTText.a */; };
		841A7BFB0EB844EEB2526121 /* libRNCardView.a in Frameworks */ = {isa = PBXBuildFile; fileRef = A3A37F5C3D814E1880E7EDAE /* libRNCardView.a */; };
		841FD40C2023A32700D4A293 /* libRNI18n.a in Frameworks */ = {isa = PBXBuildFile; fileRef = 841FD3E420239F3600D4A293 /* libRNI18n.a */; };
		8421B5F21FD97C8300240F84 /* libRNFileOpener.a in Frameworks */ = {isa = PBXBuildFile; fileRef = 8421B5EB1FD97C7400240F84 /* libRNFileOpener.a */; };
		8421B6471FD99F1500240F84 /* libRNSound.a in Frameworks */ = {isa = PBXBuildFile; fileRef = 8421B6461FD99F0900240F84 /* libRNSound.a */; };
		8429CE761FD87CAE00B2799C /* Fabric.framework in Frameworks */ = {isa = PBXBuildFile; fileRef = 8429CE741FD87CAD00B2799C /* Fabric.framework */; };
		8429CE771FD87CAE00B2799C /* Crashlytics.framework in Frameworks */ = {isa = PBXBuildFile; fileRef = 8429CE751FD87CAE00B2799C /* Crashlytics.framework */; };
		8429CE821FD8838A00B2799C /* libSMXCrashlytics.a in Frameworks */ = {isa = PBXBuildFile; fileRef = 8429CE7F1FD8836300B2799C /* libSMXCrashlytics.a */; };
		844A11DB1FE17ED700EAFE1F /* chat_notification.mp3 in Resources */ = {isa = PBXBuildFile; fileRef = 844A11DA1FE17ED700EAFE1F /* chat_notification.mp3 */; };
		845E33AF1F85C9140068307F /* libRNVectorIcons.a in Frameworks */ = {isa = PBXBuildFile; fileRef = 845E33AE1F85C8ED0068307F /* libRNVectorIcons.a */; };
		847047041FB3545900EB65B8 /* libReact-Native-Webview-Bridge.a in Frameworks */ = {isa = PBXBuildFile; fileRef = 847047031FB3545200EB65B8 /* libReact-Native-Webview-Bridge.a */; };
		8474A50D1F84EB3600F2F97E /* AppDelegate.m in Sources */ = {isa = PBXBuildFile; fileRef = 8474A5041F84EB3500F2F97E /* AppDelegate.m */; };
		8474A50E1F84EB3600F2F97E /* LaunchScreen.xib in Resources */ = {isa = PBXBuildFile; fileRef = 8474A5051F84EB3500F2F97E /* LaunchScreen.xib */; };
		8474A50F1F84EB3600F2F97E /* Images.xcassets in Resources */ = {isa = PBXBuildFile; fileRef = 8474A5071F84EB3500F2F97E /* Images.xcassets */; };
		8474A5101F84EB3600F2F97E /* Info.plist in Resources */ = {isa = PBXBuildFile; fileRef = 8474A5081F84EB3500F2F97E /* Info.plist */; };
		8474A5111F84EB3600F2F97E /* main.m in Sources */ = {isa = PBXBuildFile; fileRef = 8474A5091F84EB3500F2F97E /* main.m */; };
		8474A5131F84EB3600F2F97E /* Info.plist in Resources */ = {isa = PBXBuildFile; fileRef = 8474A50C1F84EB3500F2F97E /* Info.plist */; };
		8474A5211F84EB5100F2F97E /* DeskeroTests.m in Sources */ = {isa = PBXBuildFile; fileRef = 8474A5201F84EB5100F2F97E /* DeskeroTests.m */; };
		8474A5741F85476B00F2F97E /* libRNDeviceInfo.a in Frameworks */ = {isa = PBXBuildFile; fileRef = 8474A5721F85475C00F2F97E /* libRNDeviceInfo.a */; };
		849E92E51FCD592500C3E306 /* libRNDocumentPicker.a in Frameworks */ = {isa = PBXBuildFile; fileRef = 849E92E41FCD591D00C3E306 /* libRNDocumentPicker.a */; };
		84A1C5D31FCE3A4200C01B1F /* RSKImageCropper.framework in Frameworks */ = {isa = PBXBuildFile; fileRef = 84A1C5D11FCE3A4200C01B1F /* RSKImageCropper.framework */; };
		84A1C5D41FCE3A4E00C01B1F /* QBImagePicker.framework in Frameworks */ = {isa = PBXBuildFile; fileRef = 84A1C5D01FCE3A4200C01B1F /* QBImagePicker.framework */; };
		84A1C5D51FCE3A4E00C01B1F /* QBImagePicker.framework in Embed Frameworks */ = {isa = PBXBuildFile; fileRef = 84A1C5D01FCE3A4200C01B1F /* QBImagePicker.framework */; settings = {ATTRIBUTES = (CodeSignOnCopy, RemoveHeadersOnCopy, ); }; };
		84A1C5D71FCE3A4E00C01B1F /* RSKImageCropper.framework in Embed Frameworks */ = {isa = PBXBuildFile; fileRef = 84A1C5D11FCE3A4200C01B1F /* RSKImageCropper.framework */; settings = {ATTRIBUTES = (CodeSignOnCopy, RemoveHeadersOnCopy, ); }; };
		84A1C5E81FCE411200C01B1F /* libimageCropPicker.a in Frameworks */ = {isa = PBXBuildFile; fileRef = 84A1C5861FCDF84000C01B1F /* libimageCropPicker.a */; };
		84A6F93A1FD15BD7005E355A /* libRNFS.a in Frameworks */ = {isa = PBXBuildFile; fileRef = 84A6F9371FD15BC0005E355A /* libRNFS.a */; };
		84C7DB3B1FE6BBB3009205B3 /* libRCTPushNotification.a in Frameworks */ = {isa = PBXBuildFile; fileRef = 84C7DB381FE6BBA8009205B3 /* libRCTPushNotification.a */; };
		84F4A4E72052E8B7002546D9 /* libBugsnagReactNative.a in Frameworks */ = {isa = PBXBuildFile; fileRef = 84F4A4B52052E8A9002546D9 /* libBugsnagReactNative.a */; };
		919EA700C4F14AE59E588E5C /* FontAwesome.ttf in Resources */ = {isa = PBXBuildFile; fileRef = F3DC2B1D292143CEB294D958 /* FontAwesome.ttf */; };
		925A17FA3252412BB67AB6AB /* libRNFetchBlob.a in Frameworks */ = {isa = PBXBuildFile; fileRef = 2CC2F606E00341AB9774FDFE /* libRNFetchBlob.a */; };
		98AA05C9F1C44D75A84DBF24 /* Foundation.ttf in Resources */ = {isa = PBXBuildFile; fileRef = 540B1E1736C7453692671B6F /* Foundation.ttf */; };
		9C915C2FC4F5433F91F04CEC /* Feather.ttf in Resources */ = {isa = PBXBuildFile; fileRef = AC95FECB45BE4E989DB411FE /* Feather.ttf */; };
		9E216C56D5A346AF8DF10F5B /* Zocial.ttf in Resources */ = {isa = PBXBuildFile; fileRef = 6C6725FDE4E245AABF7CA016 /* Zocial.ttf */; };
		A35E0E3EC32D470392EB6584 /* libRNVersionNumber.a in Frameworks */ = {isa = PBXBuildFile; fileRef = 0C29944E8B7144A382524987 /* libRNVersionNumber.a */; };
		AC09934F99B64085B858DED2 /* Ionicons.ttf in Resources */ = {isa = PBXBuildFile; fileRef = C6713F092F2E48A496D6A508 /* Ionicons.ttf */; };
		BA063B24F02C4BB093FE787D /* EvilIcons.ttf in Resources */ = {isa = PBXBuildFile; fileRef = 1AAD0597D01944C18C5565DD /* EvilIcons.ttf */; };
		C37B501715BD41DFBFCBB0D8 /* libRNImagePicker.a in Frameworks */ = {isa = PBXBuildFile; fileRef = 617C2D9207B24B79B9488259 /* libRNImagePicker.a */; };
		C4208E062BDA40A4A7292FD3 /* SimpleLineIcons.ttf in Resources */ = {isa = PBXBuildFile; fileRef = DEB54471A784440A9841D4AC /* SimpleLineIcons.ttf */; };
		C433FD7CEF7C4A09B4FA9D45 /* Octicons.ttf in Resources */ = {isa = PBXBuildFile; fileRef = 16266D9471FF44F1AC8022DF /* Octicons.ttf */; };
		C8D8CCB910B44B988B9AFA2A /* Zocial.ttf in Resources */ = {isa = PBXBuildFile; fileRef = 789160A673EC46708466AA68 /* Zocial.ttf */; };
		CE1BC56CFE204DAF9F85DC0C /* MaterialIcons.ttf in Resources */ = {isa = PBXBuildFile; fileRef = C8C607A313A04639A09DC5ED /* MaterialIcons.ttf */; };
		E6806449DA004F288703CA1C /* MaterialIcons.ttf in Resources */ = {isa = PBXBuildFile; fileRef = 865F83DDB67841C3B44DA591 /* MaterialIcons.ttf */; };
		EAEC723FA76E488DA03F99AC /* Octicons.ttf in Resources */ = {isa = PBXBuildFile; fileRef = 1930F39A2E394C888B5B151D /* Octicons.ttf */; };
/* End PBXBuildFile section */

/* Begin PBXContainerItemProxy section */
		00C302AB1ABCB8CE00DB3ED1 /* PBXContainerItemProxy */ = {
			isa = PBXContainerItemProxy;
			containerPortal = 00C302A71ABCB8CE00DB3ED1 /* RCTActionSheet.xcodeproj */;
			proxyType = 2;
			remoteGlobalIDString = 134814201AA4EA6300B7C361;
			remoteInfo = RCTActionSheet;
		};
		00C302B91ABCB90400DB3ED1 /* PBXContainerItemProxy */ = {
			isa = PBXContainerItemProxy;
			containerPortal = 00C302B51ABCB90400DB3ED1 /* RCTGeolocation.xcodeproj */;
			proxyType = 2;
			remoteGlobalIDString = 134814201AA4EA6300B7C361;
			remoteInfo = RCTGeolocation;
		};
		00C302BF1ABCB91800DB3ED1 /* PBXContainerItemProxy */ = {
			isa = PBXContainerItemProxy;
			containerPortal = 00C302BB1ABCB91800DB3ED1 /* RCTImage.xcodeproj */;
			proxyType = 2;
			remoteGlobalIDString = 58B5115D1A9E6B3D00147676;
			remoteInfo = RCTImage;
		};
		00C302DB1ABCB9D200DB3ED1 /* PBXContainerItemProxy */ = {
			isa = PBXContainerItemProxy;
			containerPortal = 00C302D31ABCB9D200DB3ED1 /* RCTNetwork.xcodeproj */;
			proxyType = 2;
			remoteGlobalIDString = 58B511DB1A9E6C8500147676;
			remoteInfo = RCTNetwork;
		};
		00C302E31ABCB9EE00DB3ED1 /* PBXContainerItemProxy */ = {
			isa = PBXContainerItemProxy;
			containerPortal = 00C302DF1ABCB9EE00DB3ED1 /* RCTVibration.xcodeproj */;
			proxyType = 2;
			remoteGlobalIDString = 832C81801AAF6DEF007FA2F7;
			remoteInfo = RCTVibration;
		};
		00E356F41AD99517003FC87E /* PBXContainerItemProxy */ = {
			isa = PBXContainerItemProxy;
			containerPortal = 83CBB9F71A601CBA00E9B192 /* Project object */;
			proxyType = 1;
			remoteGlobalIDString = 13B07F861A680F5B00A75B9A;
			remoteInfo = Deskero;
		};
		139105C01AF99BAD00B5F7CC /* PBXContainerItemProxy */ = {
			isa = PBXContainerItemProxy;
			containerPortal = 139105B61AF99BAD00B5F7CC /* RCTSettings.xcodeproj */;
			proxyType = 2;
			remoteGlobalIDString = 134814201AA4EA6300B7C361;
			remoteInfo = RCTSettings;
		};
		139FDEF31B06529B00C62182 /* PBXContainerItemProxy */ = {
			isa = PBXContainerItemProxy;
			containerPortal = 139FDEE61B06529A00C62182 /* RCTWebSocket.xcodeproj */;
			proxyType = 2;
			remoteGlobalIDString = 3C86DF461ADF2C930047B81A;
			remoteInfo = RCTWebSocket;
		};
		146834031AC3E56700842450 /* PBXContainerItemProxy */ = {
			isa = PBXContainerItemProxy;
			containerPortal = 146833FF1AC3E56700842450 /* React.xcodeproj */;
			proxyType = 2;
			remoteGlobalIDString = 83CBBA2E1A601D0E00E9B192;
			remoteInfo = React;
		};
		2647D65D1DB175B300B23722 /* PBXContainerItemProxy */ = {
			isa = PBXContainerItemProxy;
			containerPortal = 2647D6591DB175B300B23722 /* ReactNativeNavigation.xcodeproj */;
			proxyType = 2;
			remoteGlobalIDString = D8AFADBD1BEE6F3F00A4592D;
			remoteInfo = ReactNativeNavigation;
		};
		78C398B81ACF4ADC00677621 /* PBXContainerItemProxy */ = {
			isa = PBXContainerItemProxy;
			containerPortal = 78C398B01ACF4ADC00677621 /* RCTLinking.xcodeproj */;
			proxyType = 2;
			remoteGlobalIDString = 134814201AA4EA6300B7C361;
			remoteInfo = RCTLinking;
		};
		7B9B39621DEB4076004A6281 /* PBXContainerItemProxy */ = {
			isa = PBXContainerItemProxy;
			containerPortal = 7B9B395C1DEB4076004A6281 /* RCTAnimation.xcodeproj */;
			proxyType = 2;
			remoteGlobalIDString = 134814201AA4EA6300B7C361;
			remoteInfo = RCTAnimation;
		};
		7B9B39641DEB4076004A6281 /* PBXContainerItemProxy */ = {
			isa = PBXContainerItemProxy;
			containerPortal = 7B9B395C1DEB4076004A6281 /* RCTAnimation.xcodeproj */;
			proxyType = 2;
			remoteGlobalIDString = 2D2A28201D9B03D100D4039D;
			remoteInfo = "RCTAnimation-tvOS";
		};
		7B9B39691DEB4076004A6281 /* PBXContainerItemProxy */ = {
			isa = PBXContainerItemProxy;
			containerPortal = 00C302BB1ABCB91800DB3ED1 /* RCTImage.xcodeproj */;
			proxyType = 2;
			remoteGlobalIDString = 2D2A283A1D9B042B00D4039D;
			remoteInfo = "RCTImage-tvOS";
		};
		7B9B396D1DEB4076004A6281 /* PBXContainerItemProxy */ = {
			isa = PBXContainerItemProxy;
			containerPortal = 78C398B01ACF4ADC00677621 /* RCTLinking.xcodeproj */;
			proxyType = 2;
			remoteGlobalIDString = 2D2A28471D9B043800D4039D;
			remoteInfo = "RCTLinking-tvOS";
		};
		7B9B39711DEB4076004A6281 /* PBXContainerItemProxy */ = {
			isa = PBXContainerItemProxy;
			containerPortal = 00C302D31ABCB9D200DB3ED1 /* RCTNetwork.xcodeproj */;
			proxyType = 2;
			remoteGlobalIDString = 2D2A28541D9B044C00D4039D;
			remoteInfo = "RCTNetwork-tvOS";
		};
		7B9B39751DEB4076004A6281 /* PBXContainerItemProxy */ = {
			isa = PBXContainerItemProxy;
			containerPortal = 139105B61AF99BAD00B5F7CC /* RCTSettings.xcodeproj */;
			proxyType = 2;
			remoteGlobalIDString = 2D2A28611D9B046600D4039D;
			remoteInfo = "RCTSettings-tvOS";
		};
		7B9B39791DEB4076004A6281 /* PBXContainerItemProxy */ = {
			isa = PBXContainerItemProxy;
			containerPortal = 832341B01AAA6A8300B99B32 /* RCTText.xcodeproj */;
			proxyType = 2;
			remoteGlobalIDString = 2D2A287B1D9B048500D4039D;
			remoteInfo = "RCTText-tvOS";
		};
		7B9B397E1DEB4076004A6281 /* PBXContainerItemProxy */ = {
			isa = PBXContainerItemProxy;
			containerPortal = 139FDEE61B06529A00C62182 /* RCTWebSocket.xcodeproj */;
			proxyType = 2;
			remoteGlobalIDString = 2D2A28881D9B049200D4039D;
			remoteInfo = "RCTWebSocket-tvOS";
		};
		7B9B39821DEB4076004A6281 /* PBXContainerItemProxy */ = {
			isa = PBXContainerItemProxy;
			containerPortal = 146833FF1AC3E56700842450 /* React.xcodeproj */;
			proxyType = 2;
			remoteGlobalIDString = 2D2A28131D9B038B00D4039D;
			remoteInfo = "React-tvOS";
		};
		7BFF94261E5F10F20054957C /* PBXContainerItemProxy */ = {
			isa = PBXContainerItemProxy;
			containerPortal = 146833FF1AC3E56700842450 /* React.xcodeproj */;
			proxyType = 2;
			remoteGlobalIDString = 3D3C059A1DE3340900C268FA;
			remoteInfo = yoga;
		};
		7BFF94281E5F10F20054957C /* PBXContainerItemProxy */ = {
			isa = PBXContainerItemProxy;
			containerPortal = 146833FF1AC3E56700842450 /* React.xcodeproj */;
			proxyType = 2;
			remoteGlobalIDString = 3D3C06751DE3340C00C268FA;
			remoteInfo = "yoga-tvOS";
		};
		7BFF942A1E5F10F20054957C /* PBXContainerItemProxy */ = {
			isa = PBXContainerItemProxy;
			containerPortal = 146833FF1AC3E56700842450 /* React.xcodeproj */;
			proxyType = 2;
			remoteGlobalIDString = 3D3CD9251DE5FBEC00167DC4;
			remoteInfo = cxxreact;
		};
		7BFF942C1E5F10F20054957C /* PBXContainerItemProxy */ = {
			isa = PBXContainerItemProxy;
			containerPortal = 146833FF1AC3E56700842450 /* React.xcodeproj */;
			proxyType = 2;
			remoteGlobalIDString = 3D3CD9321DE5FBEE00167DC4;
			remoteInfo = "cxxreact-tvOS";
		};
		7BFF942E1E5F10F20054957C /* PBXContainerItemProxy */ = {
			isa = PBXContainerItemProxy;
			containerPortal = 146833FF1AC3E56700842450 /* React.xcodeproj */;
			proxyType = 2;
			remoteGlobalIDString = 3D3CD90B1DE5FBD600167DC4;
			remoteInfo = jschelpers;
		};
		7BFF94301E5F10F20054957C /* PBXContainerItemProxy */ = {
			isa = PBXContainerItemProxy;
			containerPortal = 146833FF1AC3E56700842450 /* React.xcodeproj */;
			proxyType = 2;
			remoteGlobalIDString = 3D3CD9181DE5FBD800167DC4;
			remoteInfo = "jschelpers-tvOS";
		};
		832341B41AAA6A8300B99B32 /* PBXContainerItemProxy */ = {
			isa = PBXContainerItemProxy;
			containerPortal = 832341B01AAA6A8300B99B32 /* RCTText.xcodeproj */;
			proxyType = 2;
			remoteGlobalIDString = 58B5119B1A9E6C1200147676;
			remoteInfo = RCTText;
		};
		840D5315201A518800CA85DF /* PBXContainerItemProxy */ = {
			isa = PBXContainerItemProxy;
			containerPortal = 90B164D1678F466D9E0FBED6 /* RNSVG.xcodeproj */;
			proxyType = 2;
			remoteGlobalIDString = 0CF68AC11AF0540F00FF9E5C;
			remoteInfo = RNSVG;
		};
		840D5317201A518800CA85DF /* PBXContainerItemProxy */ = {
			isa = PBXContainerItemProxy;
			containerPortal = 90B164D1678F466D9E0FBED6 /* RNSVG.xcodeproj */;
			proxyType = 2;
			remoteGlobalIDString = A361E7A31EB0C33D00646005;
			remoteInfo = "RNSVG-tvOS";
		};
		840D536F201A681A00CA85DF /* PBXContainerItemProxy */ = {
			isa = PBXContainerItemProxy;
			containerPortal = D4D1EB010F3B488BBEF87D93 /* RNCardView.xcodeproj */;
			proxyType = 2;
			remoteGlobalIDString = 134814201AA4EA6300B7C361;
			remoteInfo = RNCardView;
		};
		841FD3E320239F3600D4A293 /* PBXContainerItemProxy */ = {
			isa = PBXContainerItemProxy;
			containerPortal = 61BA6A09FC9A407DBDE1BDD5 /* RNI18n.xcodeproj */;
			proxyType = 2;
			remoteGlobalIDString = 134814201AA4EA6300B7C361;
			remoteInfo = RNI18n;
		};
		841FD3E520239F3600D4A293 /* PBXContainerItemProxy */ = {
			isa = PBXContainerItemProxy;
			containerPortal = 61BA6A09FC9A407DBDE1BDD5 /* RNI18n.xcodeproj */;
			proxyType = 2;
			remoteGlobalIDString = 6476C4051EEAA69700B10F51;
			remoteInfo = "RNI18n-tvOS";
		};
		8421B5EA1FD97C7400240F84 /* PBXContainerItemProxy */ = {
			isa = PBXContainerItemProxy;
			containerPortal = 8421B5C41FD97C7400240F84 /* RNFileOpener.xcodeproj */;
			proxyType = 2;
			remoteGlobalIDString = DB8F70EF1CD3047700E71D6D;
			remoteInfo = RNFileOpener;
		};
		8421B6451FD99F0900240F84 /* PBXContainerItemProxy */ = {
			isa = PBXContainerItemProxy;
			containerPortal = 8421B6411FD99F0900240F84 /* RNSound.xcodeproj */;
			proxyType = 2;
			remoteGlobalIDString = 19825A1E1BD4A89800EE0337;
			remoteInfo = RNSound;
		};
		8429CE7E1FD8836300B2799C /* PBXContainerItemProxy */ = {
			isa = PBXContainerItemProxy;
			containerPortal = 8429CE791FD8836300B2799C /* SMXCrashlytics.xcodeproj */;
			proxyType = 2;
			remoteGlobalIDString = D8D9DB831C6D03DB009FBC0E;
			remoteInfo = SMXCrashlytics;
		};
		8429CE801FD8836300B2799C /* PBXContainerItemProxy */ = {
			isa = PBXContainerItemProxy;
			containerPortal = 8429CE791FD8836300B2799C /* SMXCrashlytics.xcodeproj */;
			proxyType = 2;
			remoteGlobalIDString = 6463C84C1EBA12A60095B8CD;
			remoteInfo = "SMXCrashlytics-tvOS";
		};
		8438D5EB20318BFF00E1E8D5 /* PBXContainerItemProxy */ = {
			isa = PBXContainerItemProxy;
			containerPortal = A214763A44D6457E8E14CFA2 /* RNFetchBlob.xcodeproj */;
			proxyType = 2;
			remoteGlobalIDString = A15C300E1CD25C330074CB35;
			remoteInfo = RNFetchBlob;
		};
		845E33AD1F85C8ED0068307F /* PBXContainerItemProxy */ = {
			isa = PBXContainerItemProxy;
			containerPortal = 845E338A1F85C8EC0068307F /* RNVectorIcons.xcodeproj */;
			proxyType = 2;
			remoteGlobalIDString = 5DBEB1501B18CEA900B34395;
			remoteInfo = RNVectorIcons;
		};
		846005DB20B44B2D0024332B /* PBXContainerItemProxy */ = {
			isa = PBXContainerItemProxy;
			containerPortal = F769C121B6254DE0BD70821A /* RNVersionNumber.xcodeproj */;
			proxyType = 2;
			remoteGlobalIDString = 134814201AA4EA6300B7C361;
			remoteInfo = RNVersionNumber;
		};
		846005DD20B44B2D0024332B /* PBXContainerItemProxy */ = {
			isa = PBXContainerItemProxy;
			containerPortal = F769C121B6254DE0BD70821A /* RNVersionNumber.xcodeproj */;
			proxyType = 2;
			remoteGlobalIDString = 2858ECD01F8B91B400610575;
			remoteInfo = "RNVersionNumber-tvOS";
		};
		8466B4582021575200A03816 /* PBXContainerItemProxy */ = {
			isa = PBXContainerItemProxy;
			containerPortal = 8421B6411FD99F0900240F84 /* RNSound.xcodeproj */;
			proxyType = 2;
			remoteGlobalIDString = 2DCCC1751FDF4F93007C5315;
			remoteInfo = "RNSound-tvOS";
		};
		847047021FB3545200EB65B8 /* PBXContainerItemProxy */ = {
			isa = PBXContainerItemProxy;
			containerPortal = 847046FE1FB3545200EB65B8 /* React-Native-Webview-Bridge.xcodeproj */;
			proxyType = 2;
			remoteGlobalIDString = 4114DC4C1C187C3A003CD988;
			remoteInfo = "React-Native-Webview-Bridge";
		};
		847429FD203138C600249434 /* PBXContainerItemProxy */ = {
			isa = PBXContainerItemProxy;
			containerPortal = 11505C4DE2CD4CFCB794AD9F /* RNImagePicker.xcodeproj */;
			proxyType = 2;
			remoteGlobalIDString = 014A3B5C1C6CF33500B6D375;
			remoteInfo = RNImagePicker;
		};
		8474A5671F85475C00F2F97E /* PBXContainerItemProxy */ = {
			isa = PBXContainerItemProxy;
			containerPortal = 146833FF1AC3E56700842450 /* React.xcodeproj */;
			proxyType = 2;
			remoteGlobalIDString = 139D7ECE1E25DB7D00323FB7;
			remoteInfo = "third-party";
		};
		8474A56B1F85475C00F2F97E /* PBXContainerItemProxy */ = {
			isa = PBXContainerItemProxy;
			containerPortal = 146833FF1AC3E56700842450 /* React.xcodeproj */;
			proxyType = 2;
			remoteGlobalIDString = 139D7E881E25C6D100323FB7;
			remoteInfo = "double-conversion";
		};
		8474A5711F85475C00F2F97E /* PBXContainerItemProxy */ = {
			isa = PBXContainerItemProxy;
			containerPortal = 8474A5471F85475B00F2F97E /* RNDeviceInfo.xcodeproj */;
			proxyType = 2;
			remoteGlobalIDString = DA5891D81BA9A9FC002B4DB2;
			remoteInfo = RNDeviceInfo;
		};
		849E92E31FCD591D00C3E306 /* PBXContainerItemProxy */ = {
			isa = PBXContainerItemProxy;
			containerPortal = 849E92DF1FCD591D00C3E306 /* RNDocumentPicker.xcodeproj */;
			proxyType = 2;
			remoteGlobalIDString = E01DD9DB1D2311A600C39062;
			remoteInfo = RNDocumentPicker;
		};
		84A1C5851FCDF84000C01B1F /* PBXContainerItemProxy */ = {
			isa = PBXContainerItemProxy;
			containerPortal = E90A63DC6E224DF790B6646A /* imageCropPicker.xcodeproj */;
			proxyType = 2;
			remoteGlobalIDString = 3400A8081CEB54A6008A0BC7;
			remoteInfo = imageCropPicker;
		};
		84A6F9361FD15BC0005E355A /* PBXContainerItemProxy */ = {
			isa = PBXContainerItemProxy;
			containerPortal = 69B5D67B862749E183CD17BC /* RNFS.xcodeproj */;
			proxyType = 2;
			remoteGlobalIDString = F12AFB9B1ADAF8F800E0535D;
			remoteInfo = RNFS;
		};
		84A6F9381FD15BC0005E355A /* PBXContainerItemProxy */ = {
			isa = PBXContainerItemProxy;
			containerPortal = 69B5D67B862749E183CD17BC /* RNFS.xcodeproj */;
			proxyType = 2;
			remoteGlobalIDString = 6456441F1EB8DA9100672408;
			remoteInfo = "RNFS-tvOS";
		};
		84C7DB371FE6BBA8009205B3 /* PBXContainerItemProxy */ = {
			isa = PBXContainerItemProxy;
			containerPortal = 84C7DB321FE6BBA8009205B3 /* RCTPushNotification.xcodeproj */;
			proxyType = 2;
			remoteGlobalIDString = 134814201AA4EA6300B7C361;
			remoteInfo = RCTPushNotification;
		};
		84C7DB391FE6BBA8009205B3 /* PBXContainerItemProxy */ = {
			isa = PBXContainerItemProxy;
			containerPortal = 84C7DB321FE6BBA8009205B3 /* RCTPushNotification.xcodeproj */;
			proxyType = 2;
			remoteGlobalIDString = 3D05745F1DE6004600184BB4;
			remoteInfo = "RCTPushNotification-tvOS";
		};
		84F4A4B42052E8A9002546D9 /* PBXContainerItemProxy */ = {
			isa = PBXContainerItemProxy;
			containerPortal = 84F4A4AE2052E8A8002546D9 /* BugsnagReactNative.xcodeproj */;
			proxyType = 2;
			remoteGlobalIDString = 8AD256131D6DE5F600C7D842;
			remoteInfo = BugsnagReactNative;
		};
/* End PBXContainerItemProxy section */

/* Begin PBXCopyFilesBuildPhase section */
		84A1C5D81FCE3A4E00C01B1F /* Embed Frameworks */ = {
			isa = PBXCopyFilesBuildPhase;
			buildActionMask = 2147483647;
			dstPath = "";
			dstSubfolderSpec = 10;
			files = (
				84A1C5D51FCE3A4E00C01B1F /* QBImagePicker.framework in Embed Frameworks */,
				84A1C5D71FCE3A4E00C01B1F /* RSKImageCropper.framework in Embed Frameworks */,
			);
			name = "Embed Frameworks";
			runOnlyForDeploymentPostprocessing = 0;
		};
/* End PBXCopyFilesBuildPhase section */

/* Begin PBXFileReference section */
		00C302A71ABCB8CE00DB3ED1 /* RCTActionSheet.xcodeproj */ = {isa = PBXFileReference; lastKnownFileType = "wrapper.pb-project"; name = RCTActionSheet.xcodeproj; path = "../node_modules/react-native/Libraries/ActionSheetIOS/RCTActionSheet.xcodeproj"; sourceTree = "<group>"; };
		00C302B51ABCB90400DB3ED1 /* RCTGeolocation.xcodeproj */ = {isa = PBXFileReference; lastKnownFileType = "wrapper.pb-project"; name = RCTGeolocation.xcodeproj; path = "../node_modules/react-native/Libraries/Geolocation/RCTGeolocation.xcodeproj"; sourceTree = "<group>"; };
		00C302BB1ABCB91800DB3ED1 /* RCTImage.xcodeproj */ = {isa = PBXFileReference; lastKnownFileType = "wrapper.pb-project"; name = RCTImage.xcodeproj; path = "../node_modules/react-native/Libraries/Image/RCTImage.xcodeproj"; sourceTree = "<group>"; };
		00C302D31ABCB9D200DB3ED1 /* RCTNetwork.xcodeproj */ = {isa = PBXFileReference; lastKnownFileType = "wrapper.pb-project"; name = RCTNetwork.xcodeproj; path = "../node_modules/react-native/Libraries/Network/RCTNetwork.xcodeproj"; sourceTree = "<group>"; };
		00C302DF1ABCB9EE00DB3ED1 /* RCTVibration.xcodeproj */ = {isa = PBXFileReference; lastKnownFileType = "wrapper.pb-project"; name = RCTVibration.xcodeproj; path = "../node_modules/react-native/Libraries/Vibration/RCTVibration.xcodeproj"; sourceTree = "<group>"; };
		00E356EE1AD99517003FC87E /* DeskeroTests.xctest */ = {isa = PBXFileReference; explicitFileType = wrapper.cfbundle; includeInIndex = 0; path = DeskeroTests.xctest; sourceTree = BUILT_PRODUCTS_DIR; };
		0263196030C700C299B15C3E /* Pods-Deskero.debug.xcconfig */ = {isa = PBXFileReference; includeInIndex = 1; lastKnownFileType = text.xcconfig; name = "Pods-Deskero.debug.xcconfig"; path = "Pods/Target Support Files/Pods-Deskero/Pods-Deskero.debug.xcconfig"; sourceTree = "<group>"; };
		0C29944E8B7144A382524987 /* libRNVersionNumber.a */ = {isa = PBXFileReference; explicitFileType = undefined; fileEncoding = 9; includeInIndex = 0; lastKnownFileType = archive.ar; path = libRNVersionNumber.a; sourceTree = "<group>"; };
		11505C4DE2CD4CFCB794AD9F /* RNImagePicker.xcodeproj */ = {isa = PBXFileReference; explicitFileType = undefined; fileEncoding = 9; includeInIndex = 0; lastKnownFileType = "wrapper.pb-project"; name = RNImagePicker.xcodeproj; path = "../node_modules/react-native-image-picker/ios/RNImagePicker.xcodeproj"; sourceTree = "<group>"; };
		139105B61AF99BAD00B5F7CC /* RCTSettings.xcodeproj */ = {isa = PBXFileReference; lastKnownFileType = "wrapper.pb-project"; name = RCTSettings.xcodeproj; path = "../node_modules/react-native/Libraries/Settings/RCTSettings.xcodeproj"; sourceTree = "<group>"; };
		139FDEE61B06529A00C62182 /* RCTWebSocket.xcodeproj */ = {isa = PBXFileReference; lastKnownFileType = "wrapper.pb-project"; name = RCTWebSocket.xcodeproj; path = "../node_modules/react-native/Libraries/WebSocket/RCTWebSocket.xcodeproj"; sourceTree = "<group>"; };
		13B07F961A680F5B00A75B9A /* Deskero.app */ = {isa = PBXFileReference; explicitFileType = wrapper.application; includeInIndex = 0; path = Deskero.app; sourceTree = BUILT_PRODUCTS_DIR; };
		146833FF1AC3E56700842450 /* React.xcodeproj */ = {isa = PBXFileReference; lastKnownFileType = "wrapper.pb-project"; name = React.xcodeproj; path = "../node_modules/react-native/React/React.xcodeproj"; sourceTree = "<group>"; };
		16266D9471FF44F1AC8022DF /* Octicons.ttf */ = {isa = PBXFileReference; explicitFileType = undefined; fileEncoding = 9; includeInIndex = 0; lastKnownFileType = unknown; name = Octicons.ttf; path = "../node_modules/react-native-vector-icons/Fonts/Octicons.ttf"; sourceTree = "<group>"; };
		1930F39A2E394C888B5B151D /* Octicons.ttf */ = {isa = PBXFileReference; explicitFileType = undefined; fileEncoding = 9; includeInIndex = 0; lastKnownFileType = unknown; name = Octicons.ttf; path = "../node_modules/native-base/Fonts/Octicons.ttf"; sourceTree = "<group>"; };
		1AAD0597D01944C18C5565DD /* EvilIcons.ttf */ = {isa = PBXFileReference; explicitFileType = undefined; fileEncoding = 9; includeInIndex = 0; lastKnownFileType = unknown; name = EvilIcons.ttf; path = "../node_modules/native-base/Fonts/EvilIcons.ttf"; sourceTree = "<group>"; };
		1EB301F4DE67B1DDA3C228BF /* Pods-Deskero.release.xcconfig */ = {isa = PBXFileReference; includeInIndex = 1; lastKnownFileType = text.xcconfig; name = "Pods-Deskero.release.xcconfig"; path = "Pods/Target Support Files/Pods-Deskero/Pods-Deskero.release.xcconfig"; sourceTree = "<group>"; };
		239CB5FCC9C941518282C344 /* SimpleLineIcons.ttf */ = {isa = PBXFileReference; explicitFileType = undefined; fileEncoding = 9; includeInIndex = 0; lastKnownFileType = unknown; name = SimpleLineIcons.ttf; path = "../node_modules/native-base/Fonts/SimpleLineIcons.ttf"; sourceTree = "<group>"; };
		2647D6591DB175B300B23722 /* ReactNativeNavigation.xcodeproj */ = {isa = PBXFileReference; lastKnownFileType = "wrapper.pb-project"; name = ReactNativeNavigation.xcodeproj; path = "../node_modules/react-native-navigation/ios/ReactNativeNavigation.xcodeproj"; sourceTree = "<group>"; };
		26C4344EFDE94AB08A901A46 /* EvilIcons.ttf */ = {isa = PBXFileReference; explicitFileType = undefined; fileEncoding = 9; includeInIndex = 0; lastKnownFileType = unknown; name = EvilIcons.ttf; path = "../node_modules/react-native-vector-icons/Fonts/EvilIcons.ttf"; sourceTree = "<group>"; };
		2CC2F606E00341AB9774FDFE /* libRNFetchBlob.a */ = {isa = PBXFileReference; explicitFileType = undefined; fileEncoding = 9; includeInIndex = 0; lastKnownFileType = archive.ar; path = libRNFetchBlob.a; sourceTree = "<group>"; };
		2DD5B3A754FE4899AE278188 /* libRNFS.a */ = {isa = PBXFileReference; explicitFileType = undefined; fileEncoding = 9; includeInIndex = 0; lastKnownFileType = archive.ar; path = libRNFS.a; sourceTree = "<group>"; };
		540B1E1736C7453692671B6F /* Foundation.ttf */ = {isa = PBXFileReference; explicitFileType = undefined; fileEncoding = 9; includeInIndex = 0; lastKnownFileType = unknown; name = Foundation.ttf; path = "../node_modules/native-base/Fonts/Foundation.ttf"; sourceTree = "<group>"; };
		586A745FCED44829B8F711F8 /* FontAwesome.ttf */ = {isa = PBXFileReference; explicitFileType = undefined; fileEncoding = 9; includeInIndex = 0; lastKnownFileType = unknown; name = FontAwesome.ttf; path = "../node_modules/native-base/Fonts/FontAwesome.ttf"; sourceTree = "<group>"; };
		617C2D9207B24B79B9488259 /* libRNImagePicker.a */ = {isa = PBXFileReference; explicitFileType = undefined; fileEncoding = 9; includeInIndex = 0; lastKnownFileType = archive.ar; path = libRNImagePicker.a; sourceTree = "<group>"; };
		61BA6A09FC9A407DBDE1BDD5 /* RNI18n.xcodeproj */ = {isa = PBXFileReference; explicitFileType = undefined; fileEncoding = 9; includeInIndex = 0; lastKnownFileType = "wrapper.pb-project"; name = RNI18n.xcodeproj; path = "../node_modules/react-native-i18n/ios/RNI18n.xcodeproj"; sourceTree = "<group>"; };
		659FDA2A447C414C82CE2BA5 /* libRNSVG-tvOS.a */ = {isa = PBXFileReference; explicitFileType = undefined; fileEncoding = 9; includeInIndex = 0; lastKnownFileType = archive.ar; path = "libRNSVG-tvOS.a"; sourceTree = "<group>"; };
		664F9081CC4447D2B5BF628F /* MaterialCommunityIcons.ttf */ = {isa = PBXFileReference; explicitFileType = undefined; fileEncoding = 9; includeInIndex = 0; lastKnownFileType = unknown; name = MaterialCommunityIcons.ttf; path = "../node_modules/react-native-vector-icons/Fonts/MaterialCommunityIcons.ttf"; sourceTree = "<group>"; };
		69B5D67B862749E183CD17BC /* RNFS.xcodeproj */ = {isa = PBXFileReference; explicitFileType = undefined; fileEncoding = 9; includeInIndex = 0; lastKnownFileType = "wrapper.pb-project"; name = RNFS.xcodeproj; path = "../node_modules/react-native-fs/RNFS.xcodeproj"; sourceTree = "<group>"; };
		6C6725FDE4E245AABF7CA016 /* Zocial.ttf */ = {isa = PBXFileReference; explicitFileType = undefined; fileEncoding = 9; includeInIndex = 0; lastKnownFileType = unknown; name = Zocial.ttf; path = "../node_modules/native-base/Fonts/Zocial.ttf"; sourceTree = "<group>"; };
		789160A673EC46708466AA68 /* Zocial.ttf */ = {isa = PBXFileReference; explicitFileType = undefined; fileEncoding = 9; includeInIndex = 0; lastKnownFileType = unknown; name = Zocial.ttf; path = "../node_modules/react-native-vector-icons/Fonts/Zocial.ttf"; sourceTree = "<group>"; };
		78C398B01ACF4ADC00677621 /* RCTLinking.xcodeproj */ = {isa = PBXFileReference; lastKnownFileType = "wrapper.pb-project"; name = RCTLinking.xcodeproj; path = "../node_modules/react-native/Libraries/LinkingIOS/RCTLinking.xcodeproj"; sourceTree = "<group>"; };
		7A667CB399454676A97C24D0 /* Foundation.ttf */ = {isa = PBXFileReference; explicitFileType = undefined; fileEncoding = 9; includeInIndex = 0; lastKnownFileType = unknown; name = Foundation.ttf; path = "../node_modules/react-native-vector-icons/Fonts/Foundation.ttf"; sourceTree = "<group>"; };
		7B9B395C1DEB4076004A6281 /* RCTAnimation.xcodeproj */ = {isa = PBXFileReference; lastKnownFileType = "wrapper.pb-project"; name = RCTAnimation.xcodeproj; path = "../node_modules/react-native/Libraries/NativeAnimation/RCTAnimation.xcodeproj"; sourceTree = "<group>"; };
		7F79E109898B4A1490586D5F /* Roboto.ttf */ = {isa = PBXFileReference; explicitFileType = undefined; fileEncoding = 9; includeInIndex = 0; lastKnownFileType = unknown; name = Roboto.ttf; path = "../node_modules/native-base/Fonts/Roboto.ttf"; sourceTree = "<group>"; };
		7FF4F70FC0434803A3F5ED85 /* rubicon-icon-font.ttf */ = {isa = PBXFileReference; explicitFileType = undefined; fileEncoding = 9; includeInIndex = 0; lastKnownFileType = unknown; name = "rubicon-icon-font.ttf"; path = "../node_modules/native-base/Fonts/rubicon-icon-font.ttf"; sourceTree = "<group>"; };
		82648696E60E4F91ADAEDBA7 /* libRNI18n.a */ = {isa = PBXFileReference; explicitFileType = undefined; fileEncoding = 9; includeInIndex = 0; lastKnownFileType = archive.ar; path = libRNI18n.a; sourceTree = "<group>"; };
		832341B01AAA6A8300B99B32 /* RCTText.xcodeproj */ = {isa = PBXFileReference; lastKnownFileType = "wrapper.pb-project"; name = RCTText.xcodeproj; path = "../node_modules/react-native/Libraries/Text/RCTText.xcodeproj"; sourceTree = "<group>"; };
		8421B5C41FD97C7400240F84 /* RNFileOpener.xcodeproj */ = {isa = PBXFileReference; lastKnownFileType = "wrapper.pb-project"; name = RNFileOpener.xcodeproj; path = "../node_modules/react-native-file-opener/ios/RNFileOpener.xcodeproj"; sourceTree = "<group>"; };
		8421B6411FD99F0900240F84 /* RNSound.xcodeproj */ = {isa = PBXFileReference; lastKnownFileType = "wrapper.pb-project"; name = RNSound.xcodeproj; path = "../node_modules/react-native-sound/RNSound.xcodeproj"; sourceTree = "<group>"; };
		8429CE741FD87CAD00B2799C /* Fabric.framework */ = {isa = PBXFileReference; lastKnownFileType = wrapper.framework; path = Fabric.framework; sourceTree = "<group>"; };
		8429CE751FD87CAE00B2799C /* Crashlytics.framework */ = {isa = PBXFileReference; lastKnownFileType = wrapper.framework; path = Crashlytics.framework; sourceTree = "<group>"; };
		8429CE791FD8836300B2799C /* SMXCrashlytics.xcodeproj */ = {isa = PBXFileReference; lastKnownFileType = "wrapper.pb-project"; name = SMXCrashlytics.xcodeproj; path = "../node_modules/react-native-fabric/ios/SMXCrashlytics.xcodeproj"; sourceTree = "<group>"; };
		844A11DA1FE17ED700EAFE1F /* chat_notification.mp3 */ = {isa = PBXFileReference; lastKnownFileType = audio.mp3; path = chat_notification.mp3; sourceTree = SOURCE_ROOT; };
		845E338A1F85C8EC0068307F /* RNVectorIcons.xcodeproj */ = {isa = PBXFileReference; lastKnownFileType = "wrapper.pb-project"; name = RNVectorIcons.xcodeproj; path = "../node_modules/react-native-vector-icons/RNVectorIcons.xcodeproj"; sourceTree = "<group>"; };
		847046FE1FB3545200EB65B8 /* React-Native-Webview-Bridge.xcodeproj */ = {isa = PBXFileReference; lastKnownFileType = "wrapper.pb-project"; name = "React-Native-Webview-Bridge.xcodeproj"; path = "../node_modules/react-native-webview-bridge-updated/ios/React-Native-Webview-Bridge.xcodeproj"; sourceTree = "<group>"; };
		8474A5031F84EB3500F2F97E /* AppDelegate.h */ = {isa = PBXFileReference; fileEncoding = 4; lastKnownFileType = sourcecode.c.h; path = AppDelegate.h; sourceTree = "<group>"; };
		8474A5041F84EB3500F2F97E /* AppDelegate.m */ = {isa = PBXFileReference; fileEncoding = 4; lastKnownFileType = sourcecode.c.objc; path = AppDelegate.m; sourceTree = "<group>"; };
		8474A5061F84EB3500F2F97E /* Base */ = {isa = PBXFileReference; lastKnownFileType = file.xib; name = Base; path = Base.lproj/LaunchScreen.xib; sourceTree = "<group>"; };
		8474A5071F84EB3500F2F97E /* Images.xcassets */ = {isa = PBXFileReference; lastKnownFileType = folder.assetcatalog; path = Images.xcassets; sourceTree = "<group>"; };
		8474A5081F84EB3500F2F97E /* Info.plist */ = {isa = PBXFileReference; fileEncoding = 4; lastKnownFileType = text.plist.xml; path = Info.plist; sourceTree = "<group>"; };
		8474A5091F84EB3500F2F97E /* main.m */ = {isa = PBXFileReference; fileEncoding = 4; lastKnownFileType = sourcecode.c.objc; path = main.m; sourceTree = "<group>"; };
		8474A50C1F84EB3500F2F97E /* Info.plist */ = {isa = PBXFileReference; fileEncoding = 4; lastKnownFileType = text.plist.xml; path = Info.plist; sourceTree = "<group>"; };
		8474A5201F84EB5100F2F97E /* DeskeroTests.m */ = {isa = PBXFileReference; fileEncoding = 4; lastKnownFileType = sourcecode.c.objc; path = DeskeroTests.m; sourceTree = "<group>"; };
		8474A5471F85475B00F2F97E /* RNDeviceInfo.xcodeproj */ = {isa = PBXFileReference; lastKnownFileType = "wrapper.pb-project"; name = RNDeviceInfo.xcodeproj; path = "../node_modules/react-native-device-info/RNDeviceInfo.xcodeproj"; sourceTree = "<group>"; };
		849E92DF1FCD591D00C3E306 /* RNDocumentPicker.xcodeproj */ = {isa = PBXFileReference; lastKnownFileType = "wrapper.pb-project"; name = RNDocumentPicker.xcodeproj; path = "../node_modules/react-native-document-picker/ios/RNDocumentPicker.xcodeproj"; sourceTree = "<group>"; };
		849E92E61FCD5B5B00C3E306 /* Deskero.entitlements */ = {isa = PBXFileReference; lastKnownFileType = text.plist.entitlements; path = Deskero.entitlements; sourceTree = "<group>"; };
		84A1C5D01FCE3A4200C01B1F /* QBImagePicker.framework */ = {isa = PBXFileReference; lastKnownFileType = wrapper.framework; path = QBImagePicker.framework; sourceTree = "<group>"; };
		84A1C5D11FCE3A4200C01B1F /* RSKImageCropper.framework */ = {isa = PBXFileReference; lastKnownFileType = wrapper.framework; path = RSKImageCropper.framework; sourceTree = "<group>"; };
		84C7DB321FE6BBA8009205B3 /* RCTPushNotification.xcodeproj */ = {isa = PBXFileReference; lastKnownFileType = "wrapper.pb-project"; name = RCTPushNotification.xcodeproj; path = "../node_modules/react-native/Libraries/PushNotificationIOS/RCTPushNotification.xcodeproj"; sourceTree = "<group>"; };
		84F4A4AE2052E8A8002546D9 /* BugsnagReactNative.xcodeproj */ = {isa = PBXFileReference; lastKnownFileType = "wrapper.pb-project"; name = BugsnagReactNative.xcodeproj; path = "../node_modules/bugsnag-react-native/cocoa/BugsnagReactNative.xcodeproj"; sourceTree = "<group>"; };
		865F83DDB67841C3B44DA591 /* MaterialIcons.ttf */ = {isa = PBXFileReference; explicitFileType = undefined; fileEncoding = 9; includeInIndex = 0; lastKnownFileType = unknown; name = MaterialIcons.ttf; path = "../node_modules/native-base/Fonts/MaterialIcons.ttf"; sourceTree = "<group>"; };
		90B164D1678F466D9E0FBED6 /* RNSVG.xcodeproj */ = {isa = PBXFileReference; explicitFileType = undefined; fileEncoding = 9; includeInIndex = 0; lastKnownFileType = "wrapper.pb-project"; name = RNSVG.xcodeproj; path = "../node_modules/react-native-svg/ios/RNSVG.xcodeproj"; sourceTree = "<group>"; };
		A214763A44D6457E8E14CFA2 /* RNFetchBlob.xcodeproj */ = {isa = PBXFileReference; explicitFileType = undefined; fileEncoding = 9; includeInIndex = 0; lastKnownFileType = "wrapper.pb-project"; name = RNFetchBlob.xcodeproj; path = "../node_modules/react-native-fetch-blob/ios/RNFetchBlob.xcodeproj"; sourceTree = "<group>"; };
		A3A37F5C3D814E1880E7EDAE /* libRNCardView.a */ = {isa = PBXFileReference; explicitFileType = undefined; fileEncoding = 9; includeInIndex = 0; lastKnownFileType = archive.ar; path = libRNCardView.a; sourceTree = "<group>"; };
		A5ACB973E7B9F1BD5A72E908 /* libPods-Deskero.a */ = {isa = PBXFileReference; explicitFileType = archive.ar; includeInIndex = 0; path = "libPods-Deskero.a"; sourceTree = BUILT_PRODUCTS_DIR; };
		A90804061DA54258AA43E1EA /* Roboto_medium.ttf */ = {isa = PBXFileReference; explicitFileType = undefined; fileEncoding = 9; includeInIndex = 0; lastKnownFileType = unknown; name = Roboto_medium.ttf; path = "../node_modules/native-base/Fonts/Roboto_medium.ttf"; sourceTree = "<group>"; };
		AC95FECB45BE4E989DB411FE /* Feather.ttf */ = {isa = PBXFileReference; explicitFileType = undefined; fileEncoding = 9; includeInIndex = 0; lastKnownFileType = unknown; name = Feather.ttf; path = "../node_modules/react-native-vector-icons/Fonts/Feather.ttf"; sourceTree = "<group>"; };
		B7F2B4FA9B85418B8E8829D0 /* Entypo.ttf */ = {isa = PBXFileReference; explicitFileType = undefined; fileEncoding = 9; includeInIndex = 0; lastKnownFileType = unknown; name = Entypo.ttf; path = "../node_modules/react-native-vector-icons/Fonts/Entypo.ttf"; sourceTree = "<group>"; };
		C6713F092F2E48A496D6A508 /* Ionicons.ttf */ = {isa = PBXFileReference; explicitFileType = undefined; fileEncoding = 9; includeInIndex = 0; lastKnownFileType = unknown; name = Ionicons.ttf; path = "../node_modules/native-base/Fonts/Ionicons.ttf"; sourceTree = "<group>"; };
		C8C607A313A04639A09DC5ED /* MaterialIcons.ttf */ = {isa = PBXFileReference; explicitFileType = undefined; fileEncoding = 9; includeInIndex = 0; lastKnownFileType = unknown; name = MaterialIcons.ttf; path = "../node_modules/react-native-vector-icons/Fonts/MaterialIcons.ttf"; sourceTree = "<group>"; };
		D4D1EB010F3B488BBEF87D93 /* RNCardView.xcodeproj */ = {isa = PBXFileReference; explicitFileType = undefined; fileEncoding = 9; includeInIndex = 0; lastKnownFileType = "wrapper.pb-project"; name = RNCardView.xcodeproj; path = "../node_modules/react-native-cardview/ios/RNCardView.xcodeproj"; sourceTree = "<group>"; };
		D766AC21F16640788A1E77FA /* libRCTImageResizer.a */ = {isa = PBXFileReference; explicitFileType = undefined; fileEncoding = 9; includeInIndex = 0; lastKnownFileType = archive.ar; path = libRCTImageResizer.a; sourceTree = "<group>"; };
		DCF1CD4D893E44CBAD5A6A28 /* Entypo.ttf */ = {isa = PBXFileReference; explicitFileType = undefined; fileEncoding = 9; includeInIndex = 0; lastKnownFileType = unknown; name = Entypo.ttf; path = "../node_modules/native-base/Fonts/Entypo.ttf"; sourceTree = "<group>"; };
		DEB54471A784440A9841D4AC /* SimpleLineIcons.ttf */ = {isa = PBXFileReference; explicitFileType = undefined; fileEncoding = 9; includeInIndex = 0; lastKnownFileType = unknown; name = SimpleLineIcons.ttf; path = "../node_modules/react-native-vector-icons/Fonts/SimpleLineIcons.ttf"; sourceTree = "<group>"; };
		E90A63DC6E224DF790B6646A /* imageCropPicker.xcodeproj */ = {isa = PBXFileReference; explicitFileType = undefined; fileEncoding = 9; includeInIndex = 0; lastKnownFileType = "wrapper.pb-project"; name = imageCropPicker.xcodeproj; path = "../node_modules/react-native-image-crop-picker/ios/imageCropPicker.xcodeproj"; sourceTree = "<group>"; };
		E96964355B9940DAAD1E6CFB /* Ionicons.ttf */ = {isa = PBXFileReference; explicitFileType = undefined; fileEncoding = 9; includeInIndex = 0; lastKnownFileType = unknown; name = Ionicons.ttf; path = "../node_modules/react-native-vector-icons/Fonts/Ionicons.ttf"; sourceTree = "<group>"; };
		F3525C04AF6C4C4B8ABB1090 /* libRNSVG.a */ = {isa = PBXFileReference; explicitFileType = undefined; fileEncoding = 9; includeInIndex = 0; lastKnownFileType = archive.ar; path = libRNSVG.a; sourceTree = "<group>"; };
		F3DC2B1D292143CEB294D958 /* FontAwesome.ttf */ = {isa = PBXFileReference; explicitFileType = undefined; fileEncoding = 9; includeInIndex = 0; lastKnownFileType = unknown; name = FontAwesome.ttf; path = "../node_modules/react-native-vector-icons/Fonts/FontAwesome.ttf"; sourceTree = "<group>"; };
		F769C121B6254DE0BD70821A /* RNVersionNumber.xcodeproj */ = {isa = PBXFileReference; explicitFileType = undefined; fileEncoding = 9; includeInIndex = 0; lastKnownFileType = "wrapper.pb-project"; name = RNVersionNumber.xcodeproj; path = "../node_modules/react-native-version-number/ios/RNVersionNumber.xcodeproj"; sourceTree = "<group>"; };
/* End PBXFileReference section */

/* Begin PBXFrameworksBuildPhase section */
		00E356EB1AD99517003FC87E /* Frameworks */ = {
			isa = PBXFrameworksBuildPhase;
			buildActionMask = 2147483647;
			files = (
			);
			runOnlyForDeploymentPostprocessing = 0;
		};
		13B07F8C1A680F5B00A75B9A /* Frameworks */ = {
			isa = PBXFrameworksBuildPhase;
			buildActionMask = 2147483647;
			files = (
				84F4A4E72052E8B7002546D9 /* libBugsnagReactNative.a in Frameworks */,
				841FD40C2023A32700D4A293 /* libRNI18n.a in Frameworks */,
				84C7DB3B1FE6BBB3009205B3 /* libRCTPushNotification.a in Frameworks */,
				8421B6471FD99F1500240F84 /* libRNSound.a in Frameworks */,
				8421B5F21FD97C8300240F84 /* libRNFileOpener.a in Frameworks */,
				8429CE821FD8838A00B2799C /* libSMXCrashlytics.a in Frameworks */,
				8429CE761FD87CAE00B2799C /* Fabric.framework in Frameworks */,
				84A6F93A1FD15BD7005E355A /* libRNFS.a in Frameworks */,
				84A1C5E81FCE411200C01B1F /* libimageCropPicker.a in Frameworks */,
				849E92E51FCD592500C3E306 /* libRNDocumentPicker.a in Frameworks */,
				847047041FB3545900EB65B8 /* libReact-Native-Webview-Bridge.a in Frameworks */,
				845E33AF1F85C9140068307F /* libRNVectorIcons.a in Frameworks */,
				8474A5741F85476B00F2F97E /* libRNDeviceInfo.a in Frameworks */,
				7B9B39861DEB4091004A6281 /* libRCTAnimation.a in Frameworks */,
				2647D65F1DB175C200B23722 /* libReactNativeNavigation.a in Frameworks */,
				8429CE771FD87CAE00B2799C /* Crashlytics.framework in Frameworks */,
				146834051AC3E58100842450 /* libReact.a in Frameworks */,
				00C302E51ABCBA2D00DB3ED1 /* libRCTActionSheet.a in Frameworks */,
				00C302E71ABCBA2D00DB3ED1 /* libRCTGeolocation.a in Frameworks */,
				00C302E81ABCBA2D00DB3ED1 /* libRCTImage.a in Frameworks */,
				84A1C5D41FCE3A4E00C01B1F /* QBImagePicker.framework in Frameworks */,
				133E29F31AD74F7200F7D852 /* libRCTLinking.a in Frameworks */,
				00C302E91ABCBA2D00DB3ED1 /* libRCTNetwork.a in Frameworks */,
				139105C61AF99C1200B5F7CC /* libRCTSettings.a in Frameworks */,
				84A1C5D31FCE3A4200C01B1F /* RSKImageCropper.framework in Frameworks */,
				832341BD1AAA6AB300B99B32 /* libRCTText.a in Frameworks */,
				00C302EA1ABCBA2D00DB3ED1 /* libRCTVibration.a in Frameworks */,
				139FDEF61B0652A700C62182 /* libRCTWebSocket.a in Frameworks */,
				1C28D4742BBF86840BC11D05 /* libPods-Deskero.a in Frameworks */,
				841A7BFB0EB844EEB2526121 /* libRNCardView.a in Frameworks */,
				C37B501715BD41DFBFCBB0D8 /* libRNImagePicker.a in Frameworks */,
				925A17FA3252412BB67AB6AB /* libRNFetchBlob.a in Frameworks */,
				A35E0E3EC32D470392EB6584 /* libRNVersionNumber.a in Frameworks */,
			);
			runOnlyForDeploymentPostprocessing = 0;
		};
/* End PBXFrameworksBuildPhase section */

/* Begin PBXGroup section */
		00C302A81ABCB8CE00DB3ED1 /* Products */ = {
			isa = PBXGroup;
			children = (
				00C302AC1ABCB8CE00DB3ED1 /* libRCTActionSheet.a */,
			);
			name = Products;
			sourceTree = "<group>";
		};
		00C302B61ABCB90400DB3ED1 /* Products */ = {
			isa = PBXGroup;
			children = (
				00C302BA1ABCB90400DB3ED1 /* libRCTGeolocation.a */,
			);
			name = Products;
			sourceTree = "<group>";
		};
		00C302BC1ABCB91800DB3ED1 /* Products */ = {
			isa = PBXGroup;
			children = (
				00C302C01ABCB91800DB3ED1 /* libRCTImage.a */,
				7B9B396A1DEB4076004A6281 /* libRCTImage-tvOS.a */,
			);
			name = Products;
			sourceTree = "<group>";
		};
		00C302D41ABCB9D200DB3ED1 /* Products */ = {
			isa = PBXGroup;
			children = (
				00C302DC1ABCB9D200DB3ED1 /* libRCTNetwork.a */,
				7B9B39721DEB4076004A6281 /* libRCTNetwork-tvOS.a */,
			);
			name = Products;
			sourceTree = "<group>";
		};
		00C302E01ABCB9EE00DB3ED1 /* Products */ = {
			isa = PBXGroup;
			children = (
				00C302E41ABCB9EE00DB3ED1 /* libRCTVibration.a */,
			);
			name = Products;
			sourceTree = "<group>";
		};
		06FB1B1764CF49D882120C51 /* Resources */ = {
			isa = PBXGroup;
			children = (
				844A11DA1FE17ED700EAFE1F /* chat_notification.mp3 */,
				B7F2B4FA9B85418B8E8829D0 /* Entypo.ttf */,
				26C4344EFDE94AB08A901A46 /* EvilIcons.ttf */,
				AC95FECB45BE4E989DB411FE /* Feather.ttf */,
				F3DC2B1D292143CEB294D958 /* FontAwesome.ttf */,
				7A667CB399454676A97C24D0 /* Foundation.ttf */,
				E96964355B9940DAAD1E6CFB /* Ionicons.ttf */,
				664F9081CC4447D2B5BF628F /* MaterialCommunityIcons.ttf */,
				C8C607A313A04639A09DC5ED /* MaterialIcons.ttf */,
				16266D9471FF44F1AC8022DF /* Octicons.ttf */,
				DEB54471A784440A9841D4AC /* SimpleLineIcons.ttf */,
				789160A673EC46708466AA68 /* Zocial.ttf */,
				DCF1CD4D893E44CBAD5A6A28 /* Entypo.ttf */,
				1AAD0597D01944C18C5565DD /* EvilIcons.ttf */,
				586A745FCED44829B8F711F8 /* FontAwesome.ttf */,
				540B1E1736C7453692671B6F /* Foundation.ttf */,
				C6713F092F2E48A496D6A508 /* Ionicons.ttf */,
				865F83DDB67841C3B44DA591 /* MaterialIcons.ttf */,
				1930F39A2E394C888B5B151D /* Octicons.ttf */,
				A90804061DA54258AA43E1EA /* Roboto_medium.ttf */,
				7F79E109898B4A1490586D5F /* Roboto.ttf */,
				7FF4F70FC0434803A3F5ED85 /* rubicon-icon-font.ttf */,
				239CB5FCC9C941518282C344 /* SimpleLineIcons.ttf */,
				6C6725FDE4E245AABF7CA016 /* Zocial.ttf */,
			);
			name = Resources;
			sourceTree = "<group>";
		};
		139105B71AF99BAD00B5F7CC /* Products */ = {
			isa = PBXGroup;
			children = (
				139105C11AF99BAD00B5F7CC /* libRCTSettings.a */,
				7B9B39761DEB4076004A6281 /* libRCTSettings-tvOS.a */,
			);
			name = Products;
			sourceTree = "<group>";
		};
		139FDEE71B06529A00C62182 /* Products */ = {
			isa = PBXGroup;
			children = (
				139FDEF41B06529B00C62182 /* libRCTWebSocket.a */,
				7B9B397F1DEB4076004A6281 /* libRCTWebSocket-tvOS.a */,
			);
			name = Products;
			sourceTree = "<group>";
		};
		146834001AC3E56700842450 /* Products */ = {
			isa = PBXGroup;
			children = (
				146834041AC3E56700842450 /* libReact.a */,
				7B9B39831DEB4076004A6281 /* libReact.a */,
				7BFF94271E5F10F20054957C /* libyoga.a */,
				7BFF94291E5F10F20054957C /* libyoga.a */,
				7BFF942B1E5F10F20054957C /* libcxxreact.a */,
				7BFF942D1E5F10F20054957C /* libcxxreact.a */,
				7BFF942F1E5F10F20054957C /* libjschelpers.a */,
				7BFF94311E5F10F20054957C /* libjschelpers.a */,
				8474A5681F85475C00F2F97E /* libthird-party.a */,
				8474A56C1F85475C00F2F97E /* libdouble-conversion.a */,
			);
			name = Products;
			sourceTree = "<group>";
		};
		2647D65A1DB175B300B23722 /* Products */ = {
			isa = PBXGroup;
			children = (
				2647D65E1DB175B300B23722 /* libReactNativeNavigation.a */,
			);
			name = Products;
			sourceTree = "<group>";
		};
		78C398B11ACF4ADC00677621 /* Products */ = {
			isa = PBXGroup;
			children = (
				78C398B91ACF4ADC00677621 /* libRCTLinking.a */,
				7B9B396E1DEB4076004A6281 /* libRCTLinking-tvOS.a */,
			);
			name = Products;
			sourceTree = "<group>";
		};
		7B9B395D1DEB4076004A6281 /* Products */ = {
			isa = PBXGroup;
			children = (
				7B9B39631DEB4076004A6281 /* libRCTAnimation.a */,
				7B9B39651DEB4076004A6281 /* libRCTAnimation.a */,
			);
			name = Products;
			sourceTree = "<group>";
		};
		832341AE1AAA6A7D00B99B32 /* Libraries */ = {
			isa = PBXGroup;
			children = (
				84F4A4AE2052E8A8002546D9 /* BugsnagReactNative.xcodeproj */,
				84C7DB321FE6BBA8009205B3 /* RCTPushNotification.xcodeproj */,
				8421B6411FD99F0900240F84 /* RNSound.xcodeproj */,
				8421B5C41FD97C7400240F84 /* RNFileOpener.xcodeproj */,
				8429CE791FD8836300B2799C /* SMXCrashlytics.xcodeproj */,
				849E92DF1FCD591D00C3E306 /* RNDocumentPicker.xcodeproj */,
				847046FE1FB3545200EB65B8 /* React-Native-Webview-Bridge.xcodeproj */,
				845E338A1F85C8EC0068307F /* RNVectorIcons.xcodeproj */,
				8474A5471F85475B00F2F97E /* RNDeviceInfo.xcodeproj */,
				7B9B395C1DEB4076004A6281 /* RCTAnimation.xcodeproj */,
				2647D6591DB175B300B23722 /* ReactNativeNavigation.xcodeproj */,
				146833FF1AC3E56700842450 /* React.xcodeproj */,
				00C302A71ABCB8CE00DB3ED1 /* RCTActionSheet.xcodeproj */,
				00C302B51ABCB90400DB3ED1 /* RCTGeolocation.xcodeproj */,
				00C302BB1ABCB91800DB3ED1 /* RCTImage.xcodeproj */,
				78C398B01ACF4ADC00677621 /* RCTLinking.xcodeproj */,
				00C302D31ABCB9D200DB3ED1 /* RCTNetwork.xcodeproj */,
				139105B61AF99BAD00B5F7CC /* RCTSettings.xcodeproj */,
				832341B01AAA6A8300B99B32 /* RCTText.xcodeproj */,
				00C302DF1ABCB9EE00DB3ED1 /* RCTVibration.xcodeproj */,
				139FDEE61B06529A00C62182 /* RCTWebSocket.xcodeproj */,
				E90A63DC6E224DF790B6646A /* imageCropPicker.xcodeproj */,
				69B5D67B862749E183CD17BC /* RNFS.xcodeproj */,
				90B164D1678F466D9E0FBED6 /* RNSVG.xcodeproj */,
				D4D1EB010F3B488BBEF87D93 /* RNCardView.xcodeproj */,
				61BA6A09FC9A407DBDE1BDD5 /* RNI18n.xcodeproj */,
				11505C4DE2CD4CFCB794AD9F /* RNImagePicker.xcodeproj */,
				A214763A44D6457E8E14CFA2 /* RNFetchBlob.xcodeproj */,
				F769C121B6254DE0BD70821A /* RNVersionNumber.xcodeproj */,
			);
			name = Libraries;
			sourceTree = "<group>";
		};
		832341B11AAA6A8300B99B32 /* Products */ = {
			isa = PBXGroup;
			children = (
				832341B51AAA6A8300B99B32 /* libRCTText.a */,
				7B9B397A1DEB4076004A6281 /* libRCTText-tvOS.a */,
			);
			name = Products;
			sourceTree = "<group>";
		};
		83CBB9F61A601CBA00E9B192 = {
			isa = PBXGroup;
			children = (
				8429CE751FD87CAE00B2799C /* Crashlytics.framework */,
				8429CE741FD87CAD00B2799C /* Fabric.framework */,
				84A1C5CF1FCE3A4200C01B1F /* ImageCropPickerSDK */,
				8474A5021F84EB3500F2F97E /* Deskero */,
				8474A50A1F84EB3500F2F97E /* DeskeroTests */,
				832341AE1AAA6A7D00B99B32 /* Libraries */,
				83CBBA001A601CBA00E9B192 /* Products */,
				8474A5071F84EB3500F2F97E /* Images.xcassets */,
				8474A5731F85476B00F2F97E /* Frameworks */,
				06FB1B1764CF49D882120C51 /* Resources */,
				84A1AECD1FCDC0B200EA989D /* Recovered References */,
				C7A02A5CB49A4937726ACFA9 /* Pods */,
			);
			indentWidth = 2;
			sourceTree = "<group>";
			tabWidth = 2;
		};
		83CBBA001A601CBA00E9B192 /* Products */ = {
			isa = PBXGroup;
			children = (
				13B07F961A680F5B00A75B9A /* Deskero.app */,
				00E356EE1AD99517003FC87E /* DeskeroTests.xctest */,
			);
			name = Products;
			sourceTree = "<group>";
		};
		840D52EA201A518800CA85DF /* Products */ = {
			isa = PBXGroup;
			children = (
				840D5316201A518800CA85DF /* libRNSVG.a */,
				840D5318201A518800CA85DF /* libRNSVG-tvOS.a */,
			);
			name = Products;
			sourceTree = "<group>";
		};
		840D536C201A681900CA85DF /* Products */ = {
			isa = PBXGroup;
			children = (
				840D5370201A681A00CA85DF /* libRNCardView.a */,
			);
			name = Products;
			sourceTree = "<group>";
		};
		841FD3B820239F3600D4A293 /* Products */ = {
			isa = PBXGroup;
			children = (
				841FD3E420239F3600D4A293 /* libRNI18n.a */,
				841FD3E620239F3600D4A293 /* libRNI18n-tvOS.a */,
			);
			name = Products;
			sourceTree = "<group>";
		};
		8421B5C51FD97C7400240F84 /* Products */ = {
			isa = PBXGroup;
			children = (
				8421B5EB1FD97C7400240F84 /* libRNFileOpener.a */,
			);
			name = Products;
			sourceTree = "<group>";
		};
		8421B6421FD99F0900240F84 /* Products */ = {
			isa = PBXGroup;
			children = (
				8421B6461FD99F0900240F84 /* libRNSound.a */,
				8466B4592021575200A03816 /* libRNSound-tvOS.a */,
			);
			name = Products;
			sourceTree = "<group>";
		};
		8429CE7A1FD8836300B2799C /* Products */ = {
			isa = PBXGroup;
			children = (
				8429CE7F1FD8836300B2799C /* libSMXCrashlytics.a */,
				8429CE811FD8836300B2799C /* libSMXCrashlytics.a */,
			);
			name = Products;
			sourceTree = "<group>";
		};
		8438D5E820318BFF00E1E8D5 /* Products */ = {
			isa = PBXGroup;
			children = (
				8438D5EC20318BFF00E1E8D5 /* libRNFetchBlob.a */,
			);
			name = Products;
			sourceTree = "<group>";
		};
		845E338B1F85C8EC0068307F /* Products */ = {
			isa = PBXGroup;
			children = (
				845E33AE1F85C8ED0068307F /* libRNVectorIcons.a */,
			);
			name = Products;
			sourceTree = "<group>";
		};
		846005D720B44B2D0024332B /* Products */ = {
			isa = PBXGroup;
			children = (
				846005DC20B44B2D0024332B /* libRNVersionNumber.a */,
				846005DE20B44B2D0024332B /* libRNVersionNumber-tvOS.a */,
			);
			name = Products;
			sourceTree = "<group>";
		};
		847046FF1FB3545200EB65B8 /* Products */ = {
			isa = PBXGroup;
			children = (
				847047031FB3545200EB65B8 /* libReact-Native-Webview-Bridge.a */,
			);
			name = Products;
			sourceTree = "<group>";
		};
		847429FA203138C500249434 /* Products */ = {
			isa = PBXGroup;
			children = (
				847429FE203138C600249434 /* libRNImagePicker.a */,
			);
			name = Products;
			sourceTree = "<group>";
		};
		8474A5021F84EB3500F2F97E /* Deskero */ = {
			isa = PBXGroup;
			children = (
				849E92E61FCD5B5B00C3E306 /* Deskero.entitlements */,
				8474A5031F84EB3500F2F97E /* AppDelegate.h */,
				8474A5041F84EB3500F2F97E /* AppDelegate.m */,
				8474A5051F84EB3500F2F97E /* LaunchScreen.xib */,
				8474A5081F84EB3500F2F97E /* Info.plist */,
				8474A5091F84EB3500F2F97E /* main.m */,
			);
			path = Deskero;
			sourceTree = "<group>";
		};
		8474A50A1F84EB3500F2F97E /* DeskeroTests */ = {
			isa = PBXGroup;
			children = (
				8474A5201F84EB5100F2F97E /* DeskeroTests.m */,
				8474A50C1F84EB3500F2F97E /* Info.plist */,
			);
			path = DeskeroTests;
			sourceTree = "<group>";
		};
		8474A5481F85475B00F2F97E /* Products */ = {
			isa = PBXGroup;
			children = (
				8474A5721F85475C00F2F97E /* libRNDeviceInfo.a */,
			);
			name = Products;
			sourceTree = "<group>";
		};
		8474A5731F85476B00F2F97E /* Frameworks */ = {
			isa = PBXGroup;
			children = (
				A5ACB973E7B9F1BD5A72E908 /* libPods-Deskero.a */,
			);
			name = Frameworks;
			sourceTree = "<group>";
		};
		849E92E01FCD591D00C3E306 /* Products */ = {
			isa = PBXGroup;
			children = (
				849E92E41FCD591D00C3E306 /* libRNDocumentPicker.a */,
			);
			name = Products;
			sourceTree = "<group>";
		};
		84A1AECD1FCDC0B200EA989D /* Recovered References */ = {
			isa = PBXGroup;
			children = (
				2DD5B3A754FE4899AE278188 /* libRNFS.a */,
				F3525C04AF6C4C4B8ABB1090 /* libRNSVG.a */,
				659FDA2A447C414C82CE2BA5 /* libRNSVG-tvOS.a */,
				A3A37F5C3D814E1880E7EDAE /* libRNCardView.a */,
				82648696E60E4F91ADAEDBA7 /* libRNI18n.a */,
				D766AC21F16640788A1E77FA /* libRCTImageResizer.a */,
				617C2D9207B24B79B9488259 /* libRNImagePicker.a */,
				2CC2F606E00341AB9774FDFE /* libRNFetchBlob.a */,
				0C29944E8B7144A382524987 /* libRNVersionNumber.a */,
			);
			name = "Recovered References";
			sourceTree = "<group>";
		};
		84A1C5821FCDF84000C01B1F /* Products */ = {
			isa = PBXGroup;
			children = (
				84A1C5861FCDF84000C01B1F /* libimageCropPicker.a */,
			);
			name = Products;
			sourceTree = "<group>";
		};
		84A1C5CF1FCE3A4200C01B1F /* ImageCropPickerSDK */ = {
			isa = PBXGroup;
			children = (
				84A1C5D01FCE3A4200C01B1F /* QBImagePicker.framework */,
				84A1C5D11FCE3A4200C01B1F /* RSKImageCropper.framework */,
			);
			name = ImageCropPickerSDK;
			path = "../node_modules/react-native-image-crop-picker/ios/ImageCropPickerSDK";
			sourceTree = "<group>";
		};
		84A6F9321FD15BC0005E355A /* Products */ = {
			isa = PBXGroup;
			children = (
				84A6F9371FD15BC0005E355A /* libRNFS.a */,
				84A6F9391FD15BC0005E355A /* libRNFS.a */,
			);
			name = Products;
			sourceTree = "<group>";
		};
		84C7DB331FE6BBA8009205B3 /* Products */ = {
			isa = PBXGroup;
			children = (
				84C7DB381FE6BBA8009205B3 /* libRCTPushNotification.a */,
				84C7DB3A1FE6BBA8009205B3 /* libRCTPushNotification-tvOS.a */,
			);
			name = Products;
			sourceTree = "<group>";
		};
		84F4A4AF2052E8A8002546D9 /* Products */ = {
			isa = PBXGroup;
			children = (
				84F4A4B52052E8A9002546D9 /* libBugsnagReactNative.a */,
			);
			name = Products;
			sourceTree = "<group>";
		};
		C7A02A5CB49A4937726ACFA9 /* Pods */ = {
			isa = PBXGroup;
			children = (
				0263196030C700C299B15C3E /* Pods-Deskero.debug.xcconfig */,
				1EB301F4DE67B1DDA3C228BF /* Pods-Deskero.release.xcconfig */,
			);
			name = Pods;
			sourceTree = "<group>";
		};
/* End PBXGroup section */

/* Begin PBXNativeTarget section */
		00E356ED1AD99517003FC87E /* DeskeroTests */ = {
			isa = PBXNativeTarget;
			buildConfigurationList = 00E357021AD99517003FC87E /* Build configuration list for PBXNativeTarget "DeskeroTests" */;
			buildPhases = (
				00E356EA1AD99517003FC87E /* Sources */,
				00E356EB1AD99517003FC87E /* Frameworks */,
				00E356EC1AD99517003FC87E /* Resources */,
			);
			buildRules = (
			);
			dependencies = (
				00E356F51AD99517003FC87E /* PBXTargetDependency */,
			);
			name = DeskeroTests;
			productName = DeskeroTests;
			productReference = 00E356EE1AD99517003FC87E /* DeskeroTests.xctest */;
			productType = "com.apple.product-type.bundle.unit-test";
		};
		13B07F861A680F5B00A75B9A /* Deskero */ = {
			isa = PBXNativeTarget;
			buildConfigurationList = 13B07F931A680F5B00A75B9A /* Build configuration list for PBXNativeTarget "Deskero" */;
			buildPhases = (
				2E7BA4A116F1A5813890E38B /* [CP] Check Pods Manifest.lock */,
				13B07F871A680F5B00A75B9A /* Sources */,
				13B07F8C1A680F5B00A75B9A /* Frameworks */,
				13B07F8E1A680F5B00A75B9A /* Resources */,
				00DD1BFF1BD5951E006B06BC /* Bundle React Native code and images */,
				84A1C5D81FCE3A4E00C01B1F /* Embed Frameworks */,
				7E49EFA37D797450DF7C660F /* [CP] Copy Pods Resources */,
				8429CE781FD87F8D00B2799C /* ShellScript */,
			);
			buildRules = (
			);
			dependencies = (
			);
			name = Deskero;
			productName = "Hello World";
			productReference = 13B07F961A680F5B00A75B9A /* Deskero.app */;
			productType = "com.apple.product-type.application";
		};
/* End PBXNativeTarget section */

/* Begin PBXProject section */
		83CBB9F71A601CBA00E9B192 /* Project object */ = {
			isa = PBXProject;
			attributes = {
				LastUpgradeCheck = 610;
				ORGANIZATIONNAME = Facebook;
				TargetAttributes = {
					00E356ED1AD99517003FC87E = {
						CreatedOnToolsVersion = 6.2;
						TestTargetID = 13B07F861A680F5B00A75B9A;
					};
					13B07F861A680F5B00A75B9A = {
						DevelopmentTeam = C6B84W227S;
						ProvisioningStyle = Automatic;
						SystemCapabilities = {
							com.apple.BackgroundModes = {
								enabled = 1;
							};
							com.apple.Push = {
								enabled = 1;
							};
							com.apple.Wallet = {
								enabled = 0;
							};
							com.apple.iCloud = {
								enabled = 1;
							};
						};
					};
				};
			};
			buildConfigurationList = 83CBB9FA1A601CBA00E9B192 /* Build configuration list for PBXProject "Deskero" */;
			compatibilityVersion = "Xcode 3.2";
			developmentRegion = English;
			hasScannedForEncodings = 0;
			knownRegions = (
				en,
				Base,
			);
			mainGroup = 83CBB9F61A601CBA00E9B192;
			productRefGroup = 83CBBA001A601CBA00E9B192 /* Products */;
			projectDirPath = "";
			projectReferences = (
				{
					ProductGroup = 84F4A4AF2052E8A8002546D9 /* Products */;
					ProjectRef = 84F4A4AE2052E8A8002546D9 /* BugsnagReactNative.xcodeproj */;
				},
				{
					ProductGroup = 84A1C5821FCDF84000C01B1F /* Products */;
					ProjectRef = E90A63DC6E224DF790B6646A /* imageCropPicker.xcodeproj */;
				},
				{
					ProductGroup = 00C302A81ABCB8CE00DB3ED1 /* Products */;
					ProjectRef = 00C302A71ABCB8CE00DB3ED1 /* RCTActionSheet.xcodeproj */;
				},
				{
					ProductGroup = 7B9B395D1DEB4076004A6281 /* Products */;
					ProjectRef = 7B9B395C1DEB4076004A6281 /* RCTAnimation.xcodeproj */;
				},
				{
					ProductGroup = 00C302B61ABCB90400DB3ED1 /* Products */;
					ProjectRef = 00C302B51ABCB90400DB3ED1 /* RCTGeolocation.xcodeproj */;
				},
				{
					ProductGroup = 00C302BC1ABCB91800DB3ED1 /* Products */;
					ProjectRef = 00C302BB1ABCB91800DB3ED1 /* RCTImage.xcodeproj */;
				},
				{
					ProductGroup = 78C398B11ACF4ADC00677621 /* Products */;
					ProjectRef = 78C398B01ACF4ADC00677621 /* RCTLinking.xcodeproj */;
				},
				{
					ProductGroup = 00C302D41ABCB9D200DB3ED1 /* Products */;
					ProjectRef = 00C302D31ABCB9D200DB3ED1 /* RCTNetwork.xcodeproj */;
				},
				{
					ProductGroup = 84C7DB331FE6BBA8009205B3 /* Products */;
					ProjectRef = 84C7DB321FE6BBA8009205B3 /* RCTPushNotification.xcodeproj */;
				},
				{
					ProductGroup = 139105B71AF99BAD00B5F7CC /* Products */;
					ProjectRef = 139105B61AF99BAD00B5F7CC /* RCTSettings.xcodeproj */;
				},
				{
					ProductGroup = 832341B11AAA6A8300B99B32 /* Products */;
					ProjectRef = 832341B01AAA6A8300B99B32 /* RCTText.xcodeproj */;
				},
				{
					ProductGroup = 00C302E01ABCB9EE00DB3ED1 /* Products */;
					ProjectRef = 00C302DF1ABCB9EE00DB3ED1 /* RCTVibration.xcodeproj */;
				},
				{
					ProductGroup = 139FDEE71B06529A00C62182 /* Products */;
					ProjectRef = 139FDEE61B06529A00C62182 /* RCTWebSocket.xcodeproj */;
				},
				{
					ProductGroup = 847046FF1FB3545200EB65B8 /* Products */;
					ProjectRef = 847046FE1FB3545200EB65B8 /* React-Native-Webview-Bridge.xcodeproj */;
				},
				{
					ProductGroup = 146834001AC3E56700842450 /* Products */;
					ProjectRef = 146833FF1AC3E56700842450 /* React.xcodeproj */;
				},
				{
					ProductGroup = 2647D65A1DB175B300B23722 /* Products */;
					ProjectRef = 2647D6591DB175B300B23722 /* ReactNativeNavigation.xcodeproj */;
				},
				{
					ProductGroup = 840D536C201A681900CA85DF /* Products */;
					ProjectRef = D4D1EB010F3B488BBEF87D93 /* RNCardView.xcodeproj */;
				},
				{
					ProductGroup = 8474A5481F85475B00F2F97E /* Products */;
					ProjectRef = 8474A5471F85475B00F2F97E /* RNDeviceInfo.xcodeproj */;
				},
				{
					ProductGroup = 849E92E01FCD591D00C3E306 /* Products */;
					ProjectRef = 849E92DF1FCD591D00C3E306 /* RNDocumentPicker.xcodeproj */;
				},
				{
					ProductGroup = 8438D5E820318BFF00E1E8D5 /* Products */;
					ProjectRef = A214763A44D6457E8E14CFA2 /* RNFetchBlob.xcodeproj */;
				},
				{
					ProductGroup = 8421B5C51FD97C7400240F84 /* Products */;
					ProjectRef = 8421B5C41FD97C7400240F84 /* RNFileOpener.xcodeproj */;
				},
				{
					ProductGroup = 84A6F9321FD15BC0005E355A /* Products */;
					ProjectRef = 69B5D67B862749E183CD17BC /* RNFS.xcodeproj */;
				},
				{
					ProductGroup = 841FD3B820239F3600D4A293 /* Products */;
					ProjectRef = 61BA6A09FC9A407DBDE1BDD5 /* RNI18n.xcodeproj */;
				},
				{
					ProductGroup = 847429FA203138C500249434 /* Products */;
					ProjectRef = 11505C4DE2CD4CFCB794AD9F /* RNImagePicker.xcodeproj */;
				},
				{
					ProductGroup = 8421B6421FD99F0900240F84 /* Products */;
					ProjectRef = 8421B6411FD99F0900240F84 /* RNSound.xcodeproj */;
				},
				{
					ProductGroup = 840D52EA201A518800CA85DF /* Products */;
					ProjectRef = 90B164D1678F466D9E0FBED6 /* RNSVG.xcodeproj */;
				},
				{
					ProductGroup = 845E338B1F85C8EC0068307F /* Products */;
					ProjectRef = 845E338A1F85C8EC0068307F /* RNVectorIcons.xcodeproj */;
				},
				{
					ProductGroup = 846005D720B44B2D0024332B /* Products */;
					ProjectRef = F769C121B6254DE0BD70821A /* RNVersionNumber.xcodeproj */;
				},
				{
					ProductGroup = 8429CE7A1FD8836300B2799C /* Products */;
					ProjectRef = 8429CE791FD8836300B2799C /* SMXCrashlytics.xcodeproj */;
				},
			);
			projectRoot = "";
			targets = (
				13B07F861A680F5B00A75B9A /* Deskero */,
				00E356ED1AD99517003FC87E /* DeskeroTests */,
			);
		};
/* End PBXProject section */

/* Begin PBXReferenceProxy section */
		00C302AC1ABCB8CE00DB3ED1 /* libRCTActionSheet.a */ = {
			isa = PBXReferenceProxy;
			fileType = archive.ar;
			path = libRCTActionSheet.a;
			remoteRef = 00C302AB1ABCB8CE00DB3ED1 /* PBXContainerItemProxy */;
			sourceTree = BUILT_PRODUCTS_DIR;
		};
		00C302BA1ABCB90400DB3ED1 /* libRCTGeolocation.a */ = {
			isa = PBXReferenceProxy;
			fileType = archive.ar;
			path = libRCTGeolocation.a;
			remoteRef = 00C302B91ABCB90400DB3ED1 /* PBXContainerItemProxy */;
			sourceTree = BUILT_PRODUCTS_DIR;
		};
		00C302C01ABCB91800DB3ED1 /* libRCTImage.a */ = {
			isa = PBXReferenceProxy;
			fileType = archive.ar;
			path = libRCTImage.a;
			remoteRef = 00C302BF1ABCB91800DB3ED1 /* PBXContainerItemProxy */;
			sourceTree = BUILT_PRODUCTS_DIR;
		};
		00C302DC1ABCB9D200DB3ED1 /* libRCTNetwork.a */ = {
			isa = PBXReferenceProxy;
			fileType = archive.ar;
			path = libRCTNetwork.a;
			remoteRef = 00C302DB1ABCB9D200DB3ED1 /* PBXContainerItemProxy */;
			sourceTree = BUILT_PRODUCTS_DIR;
		};
		00C302E41ABCB9EE00DB3ED1 /* libRCTVibration.a */ = {
			isa = PBXReferenceProxy;
			fileType = archive.ar;
			path = libRCTVibration.a;
			remoteRef = 00C302E31ABCB9EE00DB3ED1 /* PBXContainerItemProxy */;
			sourceTree = BUILT_PRODUCTS_DIR;
		};
		139105C11AF99BAD00B5F7CC /* libRCTSettings.a */ = {
			isa = PBXReferenceProxy;
			fileType = archive.ar;
			path = libRCTSettings.a;
			remoteRef = 139105C01AF99BAD00B5F7CC /* PBXContainerItemProxy */;
			sourceTree = BUILT_PRODUCTS_DIR;
		};
		139FDEF41B06529B00C62182 /* libRCTWebSocket.a */ = {
			isa = PBXReferenceProxy;
			fileType = archive.ar;
			path = libRCTWebSocket.a;
			remoteRef = 139FDEF31B06529B00C62182 /* PBXContainerItemProxy */;
			sourceTree = BUILT_PRODUCTS_DIR;
		};
		146834041AC3E56700842450 /* libReact.a */ = {
			isa = PBXReferenceProxy;
			fileType = archive.ar;
			path = libReact.a;
			remoteRef = 146834031AC3E56700842450 /* PBXContainerItemProxy */;
			sourceTree = BUILT_PRODUCTS_DIR;
		};
		2647D65E1DB175B300B23722 /* libReactNativeNavigation.a */ = {
			isa = PBXReferenceProxy;
			fileType = archive.ar;
			path = libReactNativeNavigation.a;
			remoteRef = 2647D65D1DB175B300B23722 /* PBXContainerItemProxy */;
			sourceTree = BUILT_PRODUCTS_DIR;
		};
		78C398B91ACF4ADC00677621 /* libRCTLinking.a */ = {
			isa = PBXReferenceProxy;
			fileType = archive.ar;
			path = libRCTLinking.a;
			remoteRef = 78C398B81ACF4ADC00677621 /* PBXContainerItemProxy */;
			sourceTree = BUILT_PRODUCTS_DIR;
		};
		7B9B39631DEB4076004A6281 /* libRCTAnimation.a */ = {
			isa = PBXReferenceProxy;
			fileType = archive.ar;
			path = libRCTAnimation.a;
			remoteRef = 7B9B39621DEB4076004A6281 /* PBXContainerItemProxy */;
			sourceTree = BUILT_PRODUCTS_DIR;
		};
		7B9B39651DEB4076004A6281 /* libRCTAnimation.a */ = {
			isa = PBXReferenceProxy;
			fileType = archive.ar;
			path = libRCTAnimation.a;
			remoteRef = 7B9B39641DEB4076004A6281 /* PBXContainerItemProxy */;
			sourceTree = BUILT_PRODUCTS_DIR;
		};
		7B9B396A1DEB4076004A6281 /* libRCTImage-tvOS.a */ = {
			isa = PBXReferenceProxy;
			fileType = archive.ar;
			path = "libRCTImage-tvOS.a";
			remoteRef = 7B9B39691DEB4076004A6281 /* PBXContainerItemProxy */;
			sourceTree = BUILT_PRODUCTS_DIR;
		};
		7B9B396E1DEB4076004A6281 /* libRCTLinking-tvOS.a */ = {
			isa = PBXReferenceProxy;
			fileType = archive.ar;
			path = "libRCTLinking-tvOS.a";
			remoteRef = 7B9B396D1DEB4076004A6281 /* PBXContainerItemProxy */;
			sourceTree = BUILT_PRODUCTS_DIR;
		};
		7B9B39721DEB4076004A6281 /* libRCTNetwork-tvOS.a */ = {
			isa = PBXReferenceProxy;
			fileType = archive.ar;
			path = "libRCTNetwork-tvOS.a";
			remoteRef = 7B9B39711DEB4076004A6281 /* PBXContainerItemProxy */;
			sourceTree = BUILT_PRODUCTS_DIR;
		};
		7B9B39761DEB4076004A6281 /* libRCTSettings-tvOS.a */ = {
			isa = PBXReferenceProxy;
			fileType = archive.ar;
			path = "libRCTSettings-tvOS.a";
			remoteRef = 7B9B39751DEB4076004A6281 /* PBXContainerItemProxy */;
			sourceTree = BUILT_PRODUCTS_DIR;
		};
		7B9B397A1DEB4076004A6281 /* libRCTText-tvOS.a */ = {
			isa = PBXReferenceProxy;
			fileType = archive.ar;
			path = "libRCTText-tvOS.a";
			remoteRef = 7B9B39791DEB4076004A6281 /* PBXContainerItemProxy */;
			sourceTree = BUILT_PRODUCTS_DIR;
		};
		7B9B397F1DEB4076004A6281 /* libRCTWebSocket-tvOS.a */ = {
			isa = PBXReferenceProxy;
			fileType = archive.ar;
			path = "libRCTWebSocket-tvOS.a";
			remoteRef = 7B9B397E1DEB4076004A6281 /* PBXContainerItemProxy */;
			sourceTree = BUILT_PRODUCTS_DIR;
		};
		7B9B39831DEB4076004A6281 /* libReact.a */ = {
			isa = PBXReferenceProxy;
			fileType = archive.ar;
			path = libReact.a;
			remoteRef = 7B9B39821DEB4076004A6281 /* PBXContainerItemProxy */;
			sourceTree = BUILT_PRODUCTS_DIR;
		};
		7BFF94271E5F10F20054957C /* libyoga.a */ = {
			isa = PBXReferenceProxy;
			fileType = archive.ar;
			path = libyoga.a;
			remoteRef = 7BFF94261E5F10F20054957C /* PBXContainerItemProxy */;
			sourceTree = BUILT_PRODUCTS_DIR;
		};
		7BFF94291E5F10F20054957C /* libyoga.a */ = {
			isa = PBXReferenceProxy;
			fileType = archive.ar;
			path = libyoga.a;
			remoteRef = 7BFF94281E5F10F20054957C /* PBXContainerItemProxy */;
			sourceTree = BUILT_PRODUCTS_DIR;
		};
		7BFF942B1E5F10F20054957C /* libcxxreact.a */ = {
			isa = PBXReferenceProxy;
			fileType = archive.ar;
			path = libcxxreact.a;
			remoteRef = 7BFF942A1E5F10F20054957C /* PBXContainerItemProxy */;
			sourceTree = BUILT_PRODUCTS_DIR;
		};
		7BFF942D1E5F10F20054957C /* libcxxreact.a */ = {
			isa = PBXReferenceProxy;
			fileType = archive.ar;
			path = libcxxreact.a;
			remoteRef = 7BFF942C1E5F10F20054957C /* PBXContainerItemProxy */;
			sourceTree = BUILT_PRODUCTS_DIR;
		};
		7BFF942F1E5F10F20054957C /* libjschelpers.a */ = {
			isa = PBXReferenceProxy;
			fileType = archive.ar;
			path = libjschelpers.a;
			remoteRef = 7BFF942E1E5F10F20054957C /* PBXContainerItemProxy */;
			sourceTree = BUILT_PRODUCTS_DIR;
		};
		7BFF94311E5F10F20054957C /* libjschelpers.a */ = {
			isa = PBXReferenceProxy;
			fileType = archive.ar;
			path = libjschelpers.a;
			remoteRef = 7BFF94301E5F10F20054957C /* PBXContainerItemProxy */;
			sourceTree = BUILT_PRODUCTS_DIR;
		};
		832341B51AAA6A8300B99B32 /* libRCTText.a */ = {
			isa = PBXReferenceProxy;
			fileType = archive.ar;
			path = libRCTText.a;
			remoteRef = 832341B41AAA6A8300B99B32 /* PBXContainerItemProxy */;
			sourceTree = BUILT_PRODUCTS_DIR;
		};
		840D5316201A518800CA85DF /* libRNSVG.a */ = {
			isa = PBXReferenceProxy;
			fileType = archive.ar;
			path = libRNSVG.a;
			remoteRef = 840D5315201A518800CA85DF /* PBXContainerItemProxy */;
			sourceTree = BUILT_PRODUCTS_DIR;
		};
		840D5318201A518800CA85DF /* libRNSVG-tvOS.a */ = {
			isa = PBXReferenceProxy;
			fileType = archive.ar;
			path = "libRNSVG-tvOS.a";
			remoteRef = 840D5317201A518800CA85DF /* PBXContainerItemProxy */;
			sourceTree = BUILT_PRODUCTS_DIR;
		};
		840D5370201A681A00CA85DF /* libRNCardView.a */ = {
			isa = PBXReferenceProxy;
			fileType = archive.ar;
			path = libRNCardView.a;
			remoteRef = 840D536F201A681A00CA85DF /* PBXContainerItemProxy */;
			sourceTree = BUILT_PRODUCTS_DIR;
		};
		841FD3E420239F3600D4A293 /* libRNI18n.a */ = {
			isa = PBXReferenceProxy;
			fileType = archive.ar;
			path = libRNI18n.a;
			remoteRef = 841FD3E320239F3600D4A293 /* PBXContainerItemProxy */;
			sourceTree = BUILT_PRODUCTS_DIR;
		};
		841FD3E620239F3600D4A293 /* libRNI18n-tvOS.a */ = {
			isa = PBXReferenceProxy;
			fileType = archive.ar;
			path = "libRNI18n-tvOS.a";
			remoteRef = 841FD3E520239F3600D4A293 /* PBXContainerItemProxy */;
			sourceTree = BUILT_PRODUCTS_DIR;
		};
		8421B5EB1FD97C7400240F84 /* libRNFileOpener.a */ = {
			isa = PBXReferenceProxy;
			fileType = archive.ar;
			path = libRNFileOpener.a;
			remoteRef = 8421B5EA1FD97C7400240F84 /* PBXContainerItemProxy */;
			sourceTree = BUILT_PRODUCTS_DIR;
		};
		8421B6461FD99F0900240F84 /* libRNSound.a */ = {
			isa = PBXReferenceProxy;
			fileType = archive.ar;
			path = libRNSound.a;
			remoteRef = 8421B6451FD99F0900240F84 /* PBXContainerItemProxy */;
			sourceTree = BUILT_PRODUCTS_DIR;
		};
		8429CE7F1FD8836300B2799C /* libSMXCrashlytics.a */ = {
			isa = PBXReferenceProxy;
			fileType = archive.ar;
			path = libSMXCrashlytics.a;
			remoteRef = 8429CE7E1FD8836300B2799C /* PBXContainerItemProxy */;
			sourceTree = BUILT_PRODUCTS_DIR;
		};
		8429CE811FD8836300B2799C /* libSMXCrashlytics.a */ = {
			isa = PBXReferenceProxy;
			fileType = archive.ar;
			path = libSMXCrashlytics.a;
			remoteRef = 8429CE801FD8836300B2799C /* PBXContainerItemProxy */;
			sourceTree = BUILT_PRODUCTS_DIR;
		};
		8438D5EC20318BFF00E1E8D5 /* libRNFetchBlob.a */ = {
			isa = PBXReferenceProxy;
			fileType = archive.ar;
			path = libRNFetchBlob.a;
			remoteRef = 8438D5EB20318BFF00E1E8D5 /* PBXContainerItemProxy */;
			sourceTree = BUILT_PRODUCTS_DIR;
		};
		845E33AE1F85C8ED0068307F /* libRNVectorIcons.a */ = {
			isa = PBXReferenceProxy;
			fileType = archive.ar;
			path = libRNVectorIcons.a;
			remoteRef = 845E33AD1F85C8ED0068307F /* PBXContainerItemProxy */;
			sourceTree = BUILT_PRODUCTS_DIR;
		};
		846005DC20B44B2D0024332B /* libRNVersionNumber.a */ = {
			isa = PBXReferenceProxy;
			fileType = archive.ar;
			path = libRNVersionNumber.a;
			remoteRef = 846005DB20B44B2D0024332B /* PBXContainerItemProxy */;
			sourceTree = BUILT_PRODUCTS_DIR;
		};
		846005DE20B44B2D0024332B /* libRNVersionNumber-tvOS.a */ = {
			isa = PBXReferenceProxy;
			fileType = archive.ar;
			path = "libRNVersionNumber-tvOS.a";
			remoteRef = 846005DD20B44B2D0024332B /* PBXContainerItemProxy */;
			sourceTree = BUILT_PRODUCTS_DIR;
		};
		8466B4592021575200A03816 /* libRNSound-tvOS.a */ = {
			isa = PBXReferenceProxy;
			fileType = archive.ar;
			path = "libRNSound-tvOS.a";
			remoteRef = 8466B4582021575200A03816 /* PBXContainerItemProxy */;
			sourceTree = BUILT_PRODUCTS_DIR;
		};
		847047031FB3545200EB65B8 /* libReact-Native-Webview-Bridge.a */ = {
			isa = PBXReferenceProxy;
			fileType = archive.ar;
			path = "libReact-Native-Webview-Bridge.a";
			remoteRef = 847047021FB3545200EB65B8 /* PBXContainerItemProxy */;
			sourceTree = BUILT_PRODUCTS_DIR;
		};
		847429FE203138C600249434 /* libRNImagePicker.a */ = {
			isa = PBXReferenceProxy;
			fileType = archive.ar;
			path = libRNImagePicker.a;
			remoteRef = 847429FD203138C600249434 /* PBXContainerItemProxy */;
			sourceTree = BUILT_PRODUCTS_DIR;
		};
		8474A5681F85475C00F2F97E /* libthird-party.a */ = {
			isa = PBXReferenceProxy;
			fileType = archive.ar;
			path = "libthird-party.a";
			remoteRef = 8474A5671F85475C00F2F97E /* PBXContainerItemProxy */;
			sourceTree = BUILT_PRODUCTS_DIR;
		};
		8474A56C1F85475C00F2F97E /* libdouble-conversion.a */ = {
			isa = PBXReferenceProxy;
			fileType = archive.ar;
			path = "libdouble-conversion.a";
			remoteRef = 8474A56B1F85475C00F2F97E /* PBXContainerItemProxy */;
			sourceTree = BUILT_PRODUCTS_DIR;
		};
		8474A5721F85475C00F2F97E /* libRNDeviceInfo.a */ = {
			isa = PBXReferenceProxy;
			fileType = archive.ar;
			path = libRNDeviceInfo.a;
			remoteRef = 8474A5711F85475C00F2F97E /* PBXContainerItemProxy */;
			sourceTree = BUILT_PRODUCTS_DIR;
		};
		849E92E41FCD591D00C3E306 /* libRNDocumentPicker.a */ = {
			isa = PBXReferenceProxy;
			fileType = archive.ar;
			path = libRNDocumentPicker.a;
			remoteRef = 849E92E31FCD591D00C3E306 /* PBXContainerItemProxy */;
			sourceTree = BUILT_PRODUCTS_DIR;
		};
		84A1C5861FCDF84000C01B1F /* libimageCropPicker.a */ = {
			isa = PBXReferenceProxy;
			fileType = archive.ar;
			path = libimageCropPicker.a;
			remoteRef = 84A1C5851FCDF84000C01B1F /* PBXContainerItemProxy */;
			sourceTree = BUILT_PRODUCTS_DIR;
		};
		84A6F9371FD15BC0005E355A /* libRNFS.a */ = {
			isa = PBXReferenceProxy;
			fileType = archive.ar;
			path = libRNFS.a;
			remoteRef = 84A6F9361FD15BC0005E355A /* PBXContainerItemProxy */;
			sourceTree = BUILT_PRODUCTS_DIR;
		};
		84A6F9391FD15BC0005E355A /* libRNFS.a */ = {
			isa = PBXReferenceProxy;
			fileType = archive.ar;
			path = libRNFS.a;
			remoteRef = 84A6F9381FD15BC0005E355A /* PBXContainerItemProxy */;
			sourceTree = BUILT_PRODUCTS_DIR;
		};
		84C7DB381FE6BBA8009205B3 /* libRCTPushNotification.a */ = {
			isa = PBXReferenceProxy;
			fileType = archive.ar;
			path = libRCTPushNotification.a;
			remoteRef = 84C7DB371FE6BBA8009205B3 /* PBXContainerItemProxy */;
			sourceTree = BUILT_PRODUCTS_DIR;
		};
		84C7DB3A1FE6BBA8009205B3 /* libRCTPushNotification-tvOS.a */ = {
			isa = PBXReferenceProxy;
			fileType = archive.ar;
			path = "libRCTPushNotification-tvOS.a";
			remoteRef = 84C7DB391FE6BBA8009205B3 /* PBXContainerItemProxy */;
			sourceTree = BUILT_PRODUCTS_DIR;
		};
		84F4A4B52052E8A9002546D9 /* libBugsnagReactNative.a */ = {
			isa = PBXReferenceProxy;
			fileType = archive.ar;
			path = libBugsnagReactNative.a;
			remoteRef = 84F4A4B42052E8A9002546D9 /* PBXContainerItemProxy */;
			sourceTree = BUILT_PRODUCTS_DIR;
		};
/* End PBXReferenceProxy section */

/* Begin PBXResourcesBuildPhase section */
		00E356EC1AD99517003FC87E /* Resources */ = {
			isa = PBXResourcesBuildPhase;
			buildActionMask = 2147483647;
			files = (
			);
			runOnlyForDeploymentPostprocessing = 0;
		};
		13B07F8E1A680F5B00A75B9A /* Resources */ = {
			isa = PBXResourcesBuildPhase;
			buildActionMask = 2147483647;
			files = (
				8474A5131F84EB3600F2F97E /* Info.plist in Resources */,
				844A11DB1FE17ED700EAFE1F /* chat_notification.mp3 in Resources */,
				8474A50E1F84EB3600F2F97E /* LaunchScreen.xib in Resources */,
				8474A50F1F84EB3600F2F97E /* Images.xcassets in Resources */,
				8474A5101F84EB3600F2F97E /* Info.plist in Resources */,
				0473C6F7836548BB907CC11A /* Entypo.ttf in Resources */,
				5CF513AB5D45431290DCFDDA /* EvilIcons.ttf in Resources */,
				9C915C2FC4F5433F91F04CEC /* Feather.ttf in Resources */,
				919EA700C4F14AE59E588E5C /* FontAwesome.ttf in Resources */,
				294694A2DB45457698E9B07C /* Foundation.ttf in Resources */,
				255465F7C91742B287600164 /* Ionicons.ttf in Resources */,
				10921D5AC2C4492AB69453A8 /* MaterialCommunityIcons.ttf in Resources */,
				CE1BC56CFE204DAF9F85DC0C /* MaterialIcons.ttf in Resources */,
				C433FD7CEF7C4A09B4FA9D45 /* Octicons.ttf in Resources */,
				C4208E062BDA40A4A7292FD3 /* SimpleLineIcons.ttf in Resources */,
				C8D8CCB910B44B988B9AFA2A /* Zocial.ttf in Resources */,
				33900F2D8855422BBFB189B3 /* Entypo.ttf in Resources */,
				BA063B24F02C4BB093FE787D /* EvilIcons.ttf in Resources */,
				3BEAE2DDFA3B41EB96E90320 /* FontAwesome.ttf in Resources */,
				98AA05C9F1C44D75A84DBF24 /* Foundation.ttf in Resources */,
				AC09934F99B64085B858DED2 /* Ionicons.ttf in Resources */,
				E6806449DA004F288703CA1C /* MaterialIcons.ttf in Resources */,
				EAEC723FA76E488DA03F99AC /* Octicons.ttf in Resources */,
				313A148E239A43B1A42B69B7 /* Roboto_medium.ttf in Resources */,
				415C1A2784414DF18ECC303A /* Roboto.ttf in Resources */,
				7DDCFA9D5AC845F4A7E29A5C /* rubicon-icon-font.ttf in Resources */,
				79F247AB07DD4D62B31E8D71 /* SimpleLineIcons.ttf in Resources */,
				9E216C56D5A346AF8DF10F5B /* Zocial.ttf in Resources */,
			);
			runOnlyForDeploymentPostprocessing = 0;
		};
/* End PBXResourcesBuildPhase section */

/* Begin PBXShellScriptBuildPhase section */
		00DD1BFF1BD5951E006B06BC /* Bundle React Native code and images */ = {
			isa = PBXShellScriptBuildPhase;
			buildActionMask = 2147483647;
			files = (
			);
			inputPaths = (
			);
			name = "Bundle React Native code and images";
			outputPaths = (
			);
			runOnlyForDeploymentPostprocessing = 0;
			shellPath = /bin/sh;
			shellScript = "export NODE_BINARY=node\n../node_modules/react-native/packager/react-native-xcode.sh index.ios.js";
		};
		2E7BA4A116F1A5813890E38B /* [CP] Check Pods Manifest.lock */ = {
			isa = PBXShellScriptBuildPhase;
			buildActionMask = 2147483647;
			files = (
			);
			inputPaths = (
				"${PODS_PODFILE_DIR_PATH}/Podfile.lock",
				"${PODS_ROOT}/Manifest.lock",
			);
			name = "[CP] Check Pods Manifest.lock";
			outputPaths = (
				"$(DERIVED_FILE_DIR)/Pods-Deskero-checkManifestLockResult.txt",
			);
			runOnlyForDeploymentPostprocessing = 0;
			shellPath = /bin/sh;
			shellScript = "diff \"${PODS_PODFILE_DIR_PATH}/Podfile.lock\" \"${PODS_ROOT}/Manifest.lock\" > /dev/null\nif [ $? != 0 ] ; then\n    # print error to STDERR\n    echo \"error: The sandbox is not in sync with the Podfile.lock. Run 'pod install' or update your CocoaPods installation.\" >&2\n    exit 1\nfi\n# This output is used by Xcode 'outputs' to avoid re-running this script phase.\necho \"SUCCESS\" > \"${SCRIPT_OUTPUT_FILE_0}\"\n";
			showEnvVarsInLog = 0;
		};
		7E49EFA37D797450DF7C660F /* [CP] Copy Pods Resources */ = {
			isa = PBXShellScriptBuildPhase;
			buildActionMask = 2147483647;
			files = (
			);
			inputPaths = (
				"${SRCROOT}/Pods/Target Support Files/Pods-Deskero/Pods-Deskero-resources.sh",
				"${PODS_CONFIGURATION_BUILD_DIR}/QBImagePickerController/QBImagePicker.bundle",
				"${PODS_ROOT}/RSKImageCropper/RSKImageCropper/RSKImageCropperStrings.bundle",
			);
			name = "[CP] Copy Pods Resources";
			outputPaths = (
				"${TARGET_BUILD_DIR}/${UNLOCALIZED_RESOURCES_FOLDER_PATH}/QBImagePicker.bundle",
				"${TARGET_BUILD_DIR}/${UNLOCALIZED_RESOURCES_FOLDER_PATH}/RSKImageCropperStrings.bundle",
			);
			runOnlyForDeploymentPostprocessing = 0;
			shellPath = /bin/sh;
			shellScript = "\"${SRCROOT}/Pods/Target Support Files/Pods-Deskero/Pods-Deskero-resources.sh\"\n";
			showEnvVarsInLog = 0;
		};
		8429CE781FD87F8D00B2799C /* ShellScript */ = {
			isa = PBXShellScriptBuildPhase;
			buildActionMask = 2147483647;
			files = (
			);
			inputPaths = (
			);
			outputPaths = (
			);
			runOnlyForDeploymentPostprocessing = 0;
			shellPath = /bin/sh;
			shellScript = "${SRCROOT}/Fabric.framework/run 8166081b4a2f84d8f24f2276c8d6ab726117aa2b 3c653e1d0dcd819b4b8d95aa1cedc04e8a45538669af3705c1fd9ca05f40508c\n\nAPP_PATH=\"${TARGET_BUILD_DIR}/${WRAPPER_NAME}\"\n\n# This script loops through the frameworks embedded in the application and\n# removes unused architectures.\nfind \"$APP_PATH\" -name '*.framework' -type d | while read -r FRAMEWORK\ndo\nFRAMEWORK_EXECUTABLE_NAME=$(defaults read \"$FRAMEWORK/Info.plist\" CFBundleExecutable)\nFRAMEWORK_EXECUTABLE_PATH=\"$FRAMEWORK/$FRAMEWORK_EXECUTABLE_NAME\"\necho \"Executable is $FRAMEWORK_EXECUTABLE_PATH\"\n\nEXTRACTED_ARCHS=()\n\nfor ARCH in $ARCHS\ndo\necho \"Extracting $ARCH from $FRAMEWORK_EXECUTABLE_NAME\"\nlipo -extract \"$ARCH\" \"$FRAMEWORK_EXECUTABLE_PATH\" -o \"$FRAMEWORK_EXECUTABLE_PATH-$ARCH\"\nEXTRACTED_ARCHS+=(\"$FRAMEWORK_EXECUTABLE_PATH-$ARCH\")\ndone\n\necho \"Merging extracted architectures: ${ARCHS}\"\nlipo -o \"$FRAMEWORK_EXECUTABLE_PATH-merged\" -create \"${EXTRACTED_ARCHS[@]}\"\nrm \"${EXTRACTED_ARCHS[@]}\"\n\necho \"Replacing original executable with thinned version\"\nrm \"$FRAMEWORK_EXECUTABLE_PATH\"\nmv \"$FRAMEWORK_EXECUTABLE_PATH-merged\" \"$FRAMEWORK_EXECUTABLE_PATH\"\n\ndone";
		};
/* End PBXShellScriptBuildPhase section */

/* Begin PBXSourcesBuildPhase section */
		00E356EA1AD99517003FC87E /* Sources */ = {
			isa = PBXSourcesBuildPhase;
			buildActionMask = 2147483647;
			files = (
				8474A5211F84EB5100F2F97E /* DeskeroTests.m in Sources */,
			);
			runOnlyForDeploymentPostprocessing = 0;
		};
		13B07F871A680F5B00A75B9A /* Sources */ = {
			isa = PBXSourcesBuildPhase;
			buildActionMask = 2147483647;
			files = (
				8474A5111F84EB3600F2F97E /* main.m in Sources */,
				8474A50D1F84EB3600F2F97E /* AppDelegate.m in Sources */,
			);
			runOnlyForDeploymentPostprocessing = 0;
		};
/* End PBXSourcesBuildPhase section */

/* Begin PBXTargetDependency section */
		00E356F51AD99517003FC87E /* PBXTargetDependency */ = {
			isa = PBXTargetDependency;
			target = 13B07F861A680F5B00A75B9A /* Deskero */;
			targetProxy = 00E356F41AD99517003FC87E /* PBXContainerItemProxy */;
		};
/* End PBXTargetDependency section */

/* Begin PBXVariantGroup section */
		8474A5051F84EB3500F2F97E /* LaunchScreen.xib */ = {
			isa = PBXVariantGroup;
			children = (
				8474A5061F84EB3500F2F97E /* Base */,
			);
			name = LaunchScreen.xib;
			sourceTree = "<group>";
		};
/* End PBXVariantGroup section */

/* Begin XCBuildConfiguration section */
		00E356F61AD99517003FC87E /* Debug */ = {
			isa = XCBuildConfiguration;
			buildSettings = {
				BUNDLE_LOADER = "$(TEST_HOST)";
				FRAMEWORK_SEARCH_PATHS = (
					"$(SDKROOT)/Developer/Library/Frameworks",
					"$(inherited)",
				);
				GCC_PREPROCESSOR_DEFINITIONS = (
					"DEBUG=1",
					"$(inherited)",
				);
				INFOPLIST_FILE = DeskeroTests/Info.plist;
				IPHONEOS_DEPLOYMENT_TARGET = 8.2;
				LD_RUNPATH_SEARCH_PATHS = "$(inherited) @executable_path/Frameworks @loader_path/Frameworks";
				LIBRARY_SEARCH_PATHS = (
					"$(inherited)",
					"\"$(SRCROOT)/$(TARGET_NAME)\"",
					"\"$(SRCROOT)/$(TARGET_NAME)\"",
					"\"$(SRCROOT)/$(TARGET_NAME)\"",
					"\"$(SRCROOT)/$(TARGET_NAME)\"",
					"\"$(SRCROOT)/$(TARGET_NAME)\"",
					"\"$(SRCROOT)/$(TARGET_NAME)\"",
					"\"$(SRCROOT)/$(TARGET_NAME)\"",
					"\"$(SRCROOT)/$(TARGET_NAME)\"",
					"\"$(SRCROOT)/$(TARGET_NAME)\"",
					"\"$(SRCROOT)/$(TARGET_NAME)\"",
					"\"$(SRCROOT)/$(TARGET_NAME)\"",
					"\"$(SRCROOT)/$(TARGET_NAME)\"",
				);
				PRODUCT_NAME = "$(TARGET_NAME)";
				TEST_HOST = "$(BUILT_PRODUCTS_DIR)/Deskero.app/Deskero";
			};
			name = Debug;
		};
		00E356F71AD99517003FC87E /* Release */ = {
			isa = XCBuildConfiguration;
			buildSettings = {
				BUNDLE_LOADER = "$(TEST_HOST)";
				COPY_PHASE_STRIP = NO;
				FRAMEWORK_SEARCH_PATHS = (
					"$(SDKROOT)/Developer/Library/Frameworks",
					"$(inherited)",
				);
				INFOPLIST_FILE = DeskeroTests/Info.plist;
				IPHONEOS_DEPLOYMENT_TARGET = 8.2;
				LD_RUNPATH_SEARCH_PATHS = "$(inherited) @executable_path/Frameworks @loader_path/Frameworks";
				LIBRARY_SEARCH_PATHS = (
					"$(inherited)",
					"\"$(SRCROOT)/$(TARGET_NAME)\"",
					"\"$(SRCROOT)/$(TARGET_NAME)\"",
					"\"$(SRCROOT)/$(TARGET_NAME)\"",
					"\"$(SRCROOT)/$(TARGET_NAME)\"",
					"\"$(SRCROOT)/$(TARGET_NAME)\"",
					"\"$(SRCROOT)/$(TARGET_NAME)\"",
					"\"$(SRCROOT)/$(TARGET_NAME)\"",
					"\"$(SRCROOT)/$(TARGET_NAME)\"",
					"\"$(SRCROOT)/$(TARGET_NAME)\"",
					"\"$(SRCROOT)/$(TARGET_NAME)\"",
					"\"$(SRCROOT)/$(TARGET_NAME)\"",
					"\"$(SRCROOT)/$(TARGET_NAME)\"",
				);
				PRODUCT_NAME = "$(TARGET_NAME)";
				TEST_HOST = "$(BUILT_PRODUCTS_DIR)/Deskero.app/Deskero";
			};
			name = Release;
		};
		13B07F941A680F5B00A75B9A /* Debug */ = {
			isa = XCBuildConfiguration;
			baseConfigurationReference = 0263196030C700C299B15C3E /* Pods-Deskero.debug.xcconfig */;
			buildSettings = {
				ASSETCATALOG_COMPILER_APPICON_NAME = AppIcon;
				CODE_SIGN_ENTITLEMENTS = Deskero/Deskero.entitlements;
				CODE_SIGN_IDENTITY = "iPhone Developer";
				"CODE_SIGN_IDENTITY[sdk=iphoneos*]" = "iPhone Developer";
				CODE_SIGN_STYLE = Automatic;
				DEAD_CODE_STRIPPING = NO;
				DEVELOPMENT_TEAM = C6B84W227S;
				FRAMEWORK_SEARCH_PATHS = (
					"$(inherited)",
					"$(PROJECT_DIR)",
				);
				HEADER_SEARCH_PATHS = (
					"$(inherited)",
					"$(SRCROOT)/../node_modules/react-native-navigation/ios/**",
					"$(SRCROOT)/../node_modules/react-native/React",
					"$(SRCROOT)/../node_modules/React",
					"$(SRCROOT)/../node_modules/react-native-notifications/RNNotifications",
				);
				INFOPLIST_FILE = Deskero/Info.plist;
				IPHONEOS_DEPLOYMENT_TARGET = 8.0;
				LD_RUNPATH_SEARCH_PATHS = "$(inherited) @executable_path/Frameworks";
				OTHER_LDFLAGS = (
					"-ObjC",
					"-l\"c++\"",
				);
				PRODUCT_BUNDLE_IDENTIFIER = com.deskero.mobile;
				PRODUCT_NAME = Deskero;
				PROVISIONING_PROFILE = "";
				PROVISIONING_PROFILE_SPECIFIER = "";
				TARGETED_DEVICE_FAMILY = "1,2";
			};
			name = Debug;
		};
		13B07F951A680F5B00A75B9A /* Release */ = {
			isa = XCBuildConfiguration;
			baseConfigurationReference = 1EB301F4DE67B1DDA3C228BF /* Pods-Deskero.release.xcconfig */;
			buildSettings = {
				ASSETCATALOG_COMPILER_APPICON_NAME = AppIcon;
				CODE_SIGN_ENTITLEMENTS = Deskero/Deskero.entitlements;
				CODE_SIGN_IDENTITY = "iPhone Developer";
				"CODE_SIGN_IDENTITY[sdk=iphoneos*]" = "iPhone Developer";
				CODE_SIGN_STYLE = Automatic;
				DEVELOPMENT_TEAM = C6B84W227S;
				FRAMEWORK_SEARCH_PATHS = (
					"$(inherited)",
					"$(PROJECT_DIR)",
				);
				HEADER_SEARCH_PATHS = (
					"$(inherited)",
					"$(SRCROOT)/../node_modules/react-native-navigation/ios/**",
					"$(SRCROOT)/../node_modules/react-native/React",
					"$(SRCROOT)/../node_modules/React",
					"$(SRCROOT)/../node_modules/react-native-notifications/RNNotifications",
				);
				INFOPLIST_FILE = Deskero/Info.plist;
				IPHONEOS_DEPLOYMENT_TARGET = 8.0;
				LD_RUNPATH_SEARCH_PATHS = "$(inherited) @executable_path/Frameworks";
				OTHER_LDFLAGS = (
					"-ObjC",
					"-l\"c++\"",
				);
				PRODUCT_BUNDLE_IDENTIFIER = com.deskero.mobile;
				PRODUCT_NAME = Deskero;
				PROVISIONING_PROFILE = "";
				PROVISIONING_PROFILE_SPECIFIER = "";
				TARGETED_DEVICE_FAMILY = "1,2";
			};
			name = Release;
		};
		83CBBA201A601CBA00E9B192 /* Debug */ = {
			isa = XCBuildConfiguration;
			buildSettings = {
				ALWAYS_SEARCH_USER_PATHS = NO;
				CLANG_CXX_LANGUAGE_STANDARD = "gnu++0x";
				CLANG_CXX_LIBRARY = "libc++";
				CLANG_ENABLE_MODULES = YES;
				CLANG_ENABLE_OBJC_ARC = YES;
				CLANG_WARN_BOOL_CONVERSION = YES;
				CLANG_WARN_CONSTANT_CONVERSION = YES;
				CLANG_WARN_DIRECT_OBJC_ISA_USAGE = YES_ERROR;
				CLANG_WARN_EMPTY_BODY = YES;
				CLANG_WARN_ENUM_CONVERSION = YES;
				CLANG_WARN_INT_CONVERSION = YES;
				CLANG_WARN_OBJC_ROOT_CLASS = YES_ERROR;
				CLANG_WARN_UNREACHABLE_CODE = YES;
				CLANG_WARN__DUPLICATE_METHOD_MATCH = YES;
				"CODE_SIGN_IDENTITY[sdk=iphoneos*]" = "iPhone Developer";
				COPY_PHASE_STRIP = NO;
				ENABLE_STRICT_OBJC_MSGSEND = YES;
				GCC_C_LANGUAGE_STANDARD = gnu99;
				GCC_DYNAMIC_NO_PIC = NO;
				GCC_OPTIMIZATION_LEVEL = 0;
				GCC_PREPROCESSOR_DEFINITIONS = (
					"DEBUG=1",
					"$(inherited)",
				);
				GCC_SYMBOLS_PRIVATE_EXTERN = NO;
				GCC_WARN_64_TO_32_BIT_CONVERSION = YES;
				GCC_WARN_ABOUT_RETURN_TYPE = YES_ERROR;
				GCC_WARN_UNDECLARED_SELECTOR = YES;
				GCC_WARN_UNINITIALIZED_AUTOS = YES_AGGRESSIVE;
				GCC_WARN_UNUSED_FUNCTION = YES;
				GCC_WARN_UNUSED_VARIABLE = YES;
				IPHONEOS_DEPLOYMENT_TARGET = 8.0;
				MTL_ENABLE_DEBUG_INFO = YES;
				ONLY_ACTIVE_ARCH = YES;
				OTHER_LDFLAGS = "";
				SDKROOT = iphoneos;
			};
			name = Debug;
		};
		83CBBA211A601CBA00E9B192 /* Release */ = {
			isa = XCBuildConfiguration;
			buildSettings = {
				ALWAYS_SEARCH_USER_PATHS = NO;
				CLANG_CXX_LANGUAGE_STANDARD = "gnu++0x";
				CLANG_CXX_LIBRARY = "libc++";
				CLANG_ENABLE_MODULES = YES;
				CLANG_ENABLE_OBJC_ARC = YES;
				CLANG_WARN_BOOL_CONVERSION = YES;
				CLANG_WARN_CONSTANT_CONVERSION = YES;
				CLANG_WARN_DIRECT_OBJC_ISA_USAGE = YES_ERROR;
				CLANG_WARN_EMPTY_BODY = YES;
				CLANG_WARN_ENUM_CONVERSION = YES;
				CLANG_WARN_INT_CONVERSION = YES;
				CLANG_WARN_OBJC_ROOT_CLASS = YES_ERROR;
				CLANG_WARN_UNREACHABLE_CODE = YES;
				CLANG_WARN__DUPLICATE_METHOD_MATCH = YES;
				"CODE_SIGN_IDENTITY[sdk=iphoneos*]" = "iPhone Developer";
				COPY_PHASE_STRIP = YES;
				ENABLE_NS_ASSERTIONS = NO;
				ENABLE_STRICT_OBJC_MSGSEND = YES;
				GCC_C_LANGUAGE_STANDARD = gnu99;
				GCC_WARN_64_TO_32_BIT_CONVERSION = YES;
				GCC_WARN_ABOUT_RETURN_TYPE = YES_ERROR;
				GCC_WARN_UNDECLARED_SELECTOR = YES;
				GCC_WARN_UNINITIALIZED_AUTOS = YES_AGGRESSIVE;
				GCC_WARN_UNUSED_FUNCTION = YES;
				GCC_WARN_UNUSED_VARIABLE = YES;
				IPHONEOS_DEPLOYMENT_TARGET = 8.0;
				MTL_ENABLE_DEBUG_INFO = NO;
				OTHER_LDFLAGS = "";
				SDKROOT = iphoneos;
				VALIDATE_PRODUCT = YES;
			};
			name = Release;
		};
/* End XCBuildConfiguration section */

/* Begin XCConfigurationList section */
		00E357021AD99517003FC87E /* Build configuration list for PBXNativeTarget "DeskeroTests" */ = {
			isa = XCConfigurationList;
			buildConfigurations = (
				00E356F61AD99517003FC87E /* Debug */,
				00E356F71AD99517003FC87E /* Release */,
			);
			defaultConfigurationIsVisible = 0;
			defaultConfigurationName = Release;
		};
		13B07F931A680F5B00A75B9A /* Build configuration list for PBXNativeTarget "Deskero" */ = {
			isa = XCConfigurationList;
			buildConfigurations = (
				13B07F941A680F5B00A75B9A /* Debug */,
				13B07F951A680F5B00A75B9A /* Release */,
			);
			defaultConfigurationIsVisible = 0;
			defaultConfigurationName = Release;
		};
		83CBB9FA1A601CBA00E9B192 /* Build configuration list for PBXProject "Deskero" */ = {
			isa = XCConfigurationList;
			buildConfigurations = (
				83CBBA201A601CBA00E9B192 /* Debug */,
				83CBBA211A601CBA00E9B192 /* Release */,
			);
			defaultConfigurationIsVisible = 0;
			defaultConfigurationName = Release;
		};
/* End XCConfigurationList section */
	};
	rootObject = 83CBB9F71A601CBA00E9B192 /* Project object */;
}
